// !$*UTF8*$!
{
	archiveVersion = 1;
	classes = {
	};
	objectVersion = 46;
	objects = {

/* Begin PBXBuildFile section */
		023088CE1DB36D4C0037180E /* 螢幕快照 2016-10-13 20.20.04.png in Resources */ = {isa = PBXBuildFile; fileRef = 023088CA1DB36D4C0037180E /* 螢幕快照 2016-10-13 20.20.04.png */; };
		023088CF1DB36D4C0037180E /* 螢幕快照 2016-10-13 20.19.35.png in Resources */ = {isa = PBXBuildFile; fileRef = 023088CB1DB36D4C0037180E /* 螢幕快照 2016-10-13 20.19.35.png */; };
		023088D01DB36D4C0037180E /* 螢幕快照 2016-10-13 20.20.55.png in Resources */ = {isa = PBXBuildFile; fileRef = 023088CC1DB36D4C0037180E /* 螢幕快照 2016-10-13 20.20.55.png */; };
		023088D11DB36D4C0037180E /* 螢幕快照 2016-10-13 20.20.32.png in Resources */ = {isa = PBXBuildFile; fileRef = 023088CD1DB36D4C0037180E /* 螢幕快照 2016-10-13 20.20.32.png */; };
		023088D31DB36E000037180E /* Group.png in Resources */ = {isa = PBXBuildFile; fileRef = 023088D21DB36E000037180E /* Group.png */; };
		023088D81DB36E580037180E /* Group 2.png in Resources */ = {isa = PBXBuildFile; fileRef = 023088D41DB36E580037180E /* Group 2.png */; };
		023088D91DB36E580037180E /* GameBackground.png in Resources */ = {isa = PBXBuildFile; fileRef = 023088D51DB36E580037180E /* GameBackground.png */; };
		023088DA1DB36E580037180E /* ViewBackground.png in Resources */ = {isa = PBXBuildFile; fileRef = 023088D61DB36E580037180E /* ViewBackground.png */; };
		023088DB1DB36E580037180E /* Optionview.png in Resources */ = {isa = PBXBuildFile; fileRef = 023088D71DB36E580037180E /* Optionview.png */; };
		023088DD1DB36E920037180E /* Back.png in Resources */ = {isa = PBXBuildFile; fileRef = 023088DC1DB36E920037180E /* Back.png */; };
		023088E01DB36F210037180E /* 技能點數.png in Resources */ = {isa = PBXBuildFile; fileRef = 023088DE1DB36F210037180E /* 技能點數.png */; };
		023088E11DB36F210037180E /* 小基金幣.png in Resources */ = {isa = PBXBuildFile; fileRef = 023088DF1DB36F210037180E /* 小基金幣.png */; };
		023088E51DB370080037180E /* 配對.png in Resources */ = {isa = PBXBuildFile; fileRef = 023088E21DB370080037180E /* 配對.png */; };
		023088E61DB370080037180E /* 狀態.png in Resources */ = {isa = PBXBuildFile; fileRef = 023088E31DB370080037180E /* 狀態.png */; };
		023088E71DB370080037180E /* 抽扭蛋.png in Resources */ = {isa = PBXBuildFile; fileRef = 023088E41DB370080037180E /* 抽扭蛋.png */; };
		023088EB1DB3701A0037180E /* 找朋友.png in Resources */ = {isa = PBXBuildFile; fileRef = 023088E81DB3701A0037180E /* 找朋友.png */; };
		023088EC1DB3701A0037180E /* 技能選擇圖.png in Resources */ = {isa = PBXBuildFile; fileRef = 023088E91DB3701A0037180E /* 技能選擇圖.png */; };
		023088ED1DB3701A0037180E /* 小兵選擇圖.png in Resources */ = {isa = PBXBuildFile; fileRef = 023088EA1DB3701A0037180E /* 小兵選擇圖.png */; };
		023088F41DB370A80037180E /* 牧師兵區域治療.png in Resources */ = {isa = PBXBuildFile; fileRef = 023088EF1DB370A80037180E /* 牧師兵區域治療.png */; };
		023088F51DB370A80037180E /* 魔法兵激光.png in Resources */ = {isa = PBXBuildFile; fileRef = 023088F01DB370A80037180E /* 魔法兵激光.png */; };
		023088F61DB370A80037180E /* 盾兵技能.png in Resources */ = {isa = PBXBuildFile; fileRef = 023088F11DB370A80037180E /* 盾兵技能.png */; };
		023088F71DB370A80037180E /* 盜賊兵技能轉換.png in Resources */ = {isa = PBXBuildFile; fileRef = 023088F21DB370A80037180E /* 盜賊兵技能轉換.png */; };
		023088F81DB370A80037180E /* 弓箭兵自動生成.png in Resources */ = {isa = PBXBuildFile; fileRef = 023088F31DB370A80037180E /* 弓箭兵自動生成.png */; };
		1B8FBC1247055B6CF0A1E290 /* Pods_CuckooChicken.framework in Frameworks */ = {isa = PBXBuildFile; fileRef = 897BFD7655E4E09520B6811D /* Pods_CuckooChicken.framework */; };
		827097951DB1EBE300A624EA /* Player.m in Sources */ = {isa = PBXBuildFile; fileRef = 827097941DB1EBE300A624EA /* Player.m */; };
		8270979C1DB1ED9A00A624EA /* eagle-1.png in Resources */ = {isa = PBXBuildFile; fileRef = 827097961DB1ED9A00A624EA /* eagle-1.png */; };
		8270979D1DB1ED9A00A624EA /* eagle-2.png in Resources */ = {isa = PBXBuildFile; fileRef = 827097971DB1ED9A00A624EA /* eagle-2.png */; };
		8270979E1DB1ED9A00A624EA /* egg-1.png in Resources */ = {isa = PBXBuildFile; fileRef = 827097981DB1ED9A00A624EA /* egg-1.png */; };
		8270979F1DB1ED9A00A624EA /* egg-2.png in Resources */ = {isa = PBXBuildFile; fileRef = 827097991DB1ED9A00A624EA /* egg-2.png */; };
		827097A01DB1ED9A00A624EA /* eagle_back1.png in Resources */ = {isa = PBXBuildFile; fileRef = 8270979A1DB1ED9A00A624EA /* eagle_back1.png */; };
		827097A11DB1ED9A00A624EA /* eagle_back2.png in Resources */ = {isa = PBXBuildFile; fileRef = 8270979B1DB1ED9A00A624EA /* eagle_back2.png */; };
		827097A51DB200AA00A624EA /* FireBaseManager.m in Sources */ = {isa = PBXBuildFile; fileRef = 827097A41DB200AA00A624EA /* FireBaseManager.m */; };
		827097A81DB2277600A624EA /* MatchPlayersViewController.m in Sources */ = {isa = PBXBuildFile; fileRef = 827097A71DB2277600A624EA /* MatchPlayersViewController.m */; };
		82B9E1311D86CE4000A1CA30 /* main.m in Sources */ = {isa = PBXBuildFile; fileRef = 82B9E1301D86CE4000A1CA30 /* main.m */; };
		82B9E1341D86CE4000A1CA30 /* AppDelegate.m in Sources */ = {isa = PBXBuildFile; fileRef = 82B9E1331D86CE4000A1CA30 /* AppDelegate.m */; };
		82B9E1371D86CE4000A1CA30 /* GameScene.m in Sources */ = {isa = PBXBuildFile; fileRef = 82B9E1361D86CE4000A1CA30 /* GameScene.m */; };
		82B9E1391D86CE4000A1CA30 /* GameScene.sks in Resources */ = {isa = PBXBuildFile; fileRef = 82B9E1381D86CE4000A1CA30 /* GameScene.sks */; };
		82B9E13C1D86CE4000A1CA30 /* GameViewController.m in Sources */ = {isa = PBXBuildFile; fileRef = 82B9E13B1D86CE4000A1CA30 /* GameViewController.m */; };
		82B9E13F1D86CE4000A1CA30 /* Main.storyboard in Resources */ = {isa = PBXBuildFile; fileRef = 82B9E13D1D86CE4000A1CA30 /* Main.storyboard */; };
		82B9E1411D86CE4000A1CA30 /* Assets.xcassets in Resources */ = {isa = PBXBuildFile; fileRef = 82B9E1401D86CE4000A1CA30 /* Assets.xcassets */; };
		82B9E1441D86CE4000A1CA30 /* LaunchScreen.storyboard in Resources */ = {isa = PBXBuildFile; fileRef = 82B9E1421D86CE4000A1CA30 /* LaunchScreen.storyboard */; };
		82B9E1531D86CFCD00A1CA30 /* ViewController.m in Sources */ = {isa = PBXBuildFile; fileRef = 82B9E1521D86CFCD00A1CA30 /* ViewController.m */; };
		82ECC8D51D86E58200995012 /* GoogleService-Info.plist in Resources */ = {isa = PBXBuildFile; fileRef = 82ECC8D41D86E58200995012 /* GoogleService-Info.plist */; };
		E11972751D914FAC00B0AB77 /* SignInViewController.m in Sources */ = {isa = PBXBuildFile; fileRef = E11972741D914FAC00B0AB77 /* SignInViewController.m */; };
		E119727B1D91511200B0AB77 /* RegisteredViewController.m in Sources */ = {isa = PBXBuildFile; fileRef = E119727A1D91511200B0AB77 /* RegisteredViewController.m */; };
		E11E93571DAE6FDB00669D81 /* FireBaseDataController.m in Sources */ = {isa = PBXBuildFile; fileRef = E11E93561DAE6FDB00669D81 /* FireBaseDataController.m */; };
/* End PBXBuildFile section */

/* Begin PBXFileReference section */
		023088CA1DB36D4C0037180E /* 螢幕快照 2016-10-13 20.20.04.png */ = {isa = PBXFileReference; lastKnownFileType = image.png; path = "螢幕快照 2016-10-13 20.20.04.png"; sourceTree = "<group>"; };
		023088CB1DB36D4C0037180E /* 螢幕快照 2016-10-13 20.19.35.png */ = {isa = PBXFileReference; lastKnownFileType = image.png; path = "螢幕快照 2016-10-13 20.19.35.png"; sourceTree = "<group>"; };
		023088CC1DB36D4C0037180E /* 螢幕快照 2016-10-13 20.20.55.png */ = {isa = PBXFileReference; lastKnownFileType = image.png; path = "螢幕快照 2016-10-13 20.20.55.png"; sourceTree = "<group>"; };
		023088CD1DB36D4C0037180E /* 螢幕快照 2016-10-13 20.20.32.png */ = {isa = PBXFileReference; lastKnownFileType = image.png; path = "螢幕快照 2016-10-13 20.20.32.png"; sourceTree = "<group>"; };
		023088D21DB36E000037180E /* Group.png */ = {isa = PBXFileReference; lastKnownFileType = image.png; path = Group.png; sourceTree = "<group>"; };
		023088D41DB36E580037180E /* Group 2.png */ = {isa = PBXFileReference; lastKnownFileType = image.png; path = "Group 2.png"; sourceTree = "<group>"; };
		023088D51DB36E580037180E /* GameBackground.png */ = {isa = PBXFileReference; lastKnownFileType = image.png; path = GameBackground.png; sourceTree = "<group>"; };
		023088D61DB36E580037180E /* ViewBackground.png */ = {isa = PBXFileReference; lastKnownFileType = image.png; path = ViewBackground.png; sourceTree = "<group>"; };
		023088D71DB36E580037180E /* Optionview.png */ = {isa = PBXFileReference; lastKnownFileType = image.png; path = Optionview.png; sourceTree = "<group>"; };
		023088DC1DB36E920037180E /* Back.png */ = {isa = PBXFileReference; lastKnownFileType = image.png; path = Back.png; sourceTree = "<group>"; };
		023088DE1DB36F210037180E /* 技能點數.png */ = {isa = PBXFileReference; lastKnownFileType = image.png; path = "技能點數.png"; sourceTree = "<group>"; };
		023088DF1DB36F210037180E /* 小基金幣.png */ = {isa = PBXFileReference; lastKnownFileType = image.png; path = "小基金幣.png"; sourceTree = "<group>"; };
		023088E21DB370080037180E /* 配對.png */ = {isa = PBXFileReference; lastKnownFileType = image.png; path = "配對.png"; sourceTree = "<group>"; };
		023088E31DB370080037180E /* 狀態.png */ = {isa = PBXFileReference; lastKnownFileType = image.png; path = "狀態.png"; sourceTree = "<group>"; };
		023088E41DB370080037180E /* 抽扭蛋.png */ = {isa = PBXFileReference; lastKnownFileType = image.png; path = "抽扭蛋.png"; sourceTree = "<group>"; };
		023088E81DB3701A0037180E /* 找朋友.png */ = {isa = PBXFileReference; lastKnownFileType = image.png; path = "找朋友.png"; sourceTree = "<group>"; };
		023088E91DB3701A0037180E /* 技能選擇圖.png */ = {isa = PBXFileReference; lastKnownFileType = image.png; path = "技能選擇圖.png"; sourceTree = "<group>"; };
		023088EA1DB3701A0037180E /* 小兵選擇圖.png */ = {isa = PBXFileReference; lastKnownFileType = image.png; path = "小兵選擇圖.png"; sourceTree = "<group>"; };
		023088EF1DB370A80037180E /* 牧師兵區域治療.png */ = {isa = PBXFileReference; lastKnownFileType = image.png; path = "牧師兵區域治療.png"; sourceTree = "<group>"; };
		023088F01DB370A80037180E /* 魔法兵激光.png */ = {isa = PBXFileReference; lastKnownFileType = image.png; path = "魔法兵激光.png"; sourceTree = "<group>"; };
		023088F11DB370A80037180E /* 盾兵技能.png */ = {isa = PBXFileReference; lastKnownFileType = image.png; path = "盾兵技能.png"; sourceTree = "<group>"; };
		023088F21DB370A80037180E /* 盜賊兵技能轉換.png */ = {isa = PBXFileReference; lastKnownFileType = image.png; path = "盜賊兵技能轉換.png"; sourceTree = "<group>"; };
		023088F31DB370A80037180E /* 弓箭兵自動生成.png */ = {isa = PBXFileReference; lastKnownFileType = image.png; path = "弓箭兵自動生成.png"; sourceTree = "<group>"; };
		5FD10F49BA2EF5B0B84AD9D3 /* Pods-CuckooChicken.debug.xcconfig */ = {isa = PBXFileReference; includeInIndex = 1; lastKnownFileType = text.xcconfig; name = "Pods-CuckooChicken.debug.xcconfig"; path = "Pods/Target Support Files/Pods-CuckooChicken/Pods-CuckooChicken.debug.xcconfig"; sourceTree = "<group>"; };
		827097931DB1EBE300A624EA /* Player.h */ = {isa = PBXFileReference; fileEncoding = 4; lastKnownFileType = sourcecode.c.h; path = Player.h; sourceTree = "<group>"; };
		827097941DB1EBE300A624EA /* Player.m */ = {isa = PBXFileReference; fileEncoding = 4; lastKnownFileType = sourcecode.c.objc; path = Player.m; sourceTree = "<group>"; };
		827097961DB1ED9A00A624EA /* eagle-1.png */ = {isa = PBXFileReference; lastKnownFileType = image.png; path = "eagle-1.png"; sourceTree = "<group>"; };
		827097971DB1ED9A00A624EA /* eagle-2.png */ = {isa = PBXFileReference; lastKnownFileType = image.png; path = "eagle-2.png"; sourceTree = "<group>"; };
		827097981DB1ED9A00A624EA /* egg-1.png */ = {isa = PBXFileReference; lastKnownFileType = image.png; path = "egg-1.png"; sourceTree = "<group>"; };
		827097991DB1ED9A00A624EA /* egg-2.png */ = {isa = PBXFileReference; lastKnownFileType = image.png; path = "egg-2.png"; sourceTree = "<group>"; };
		8270979A1DB1ED9A00A624EA /* eagle_back1.png */ = {isa = PBXFileReference; lastKnownFileType = image.png; path = eagle_back1.png; sourceTree = "<group>"; };
		8270979B1DB1ED9A00A624EA /* eagle_back2.png */ = {isa = PBXFileReference; lastKnownFileType = image.png; path = eagle_back2.png; sourceTree = "<group>"; };
		827097A31DB200AA00A624EA /* FireBaseManager.h */ = {isa = PBXFileReference; fileEncoding = 4; lastKnownFileType = sourcecode.c.h; path = FireBaseManager.h; sourceTree = "<group>"; };
		827097A41DB200AA00A624EA /* FireBaseManager.m */ = {isa = PBXFileReference; fileEncoding = 4; lastKnownFileType = sourcecode.c.objc; path = FireBaseManager.m; sourceTree = "<group>"; };
		827097A61DB2277600A624EA /* MatchPlayersViewController.h */ = {isa = PBXFileReference; fileEncoding = 4; lastKnownFileType = sourcecode.c.h; path = MatchPlayersViewController.h; sourceTree = "<group>"; };
		827097A71DB2277600A624EA /* MatchPlayersViewController.m */ = {isa = PBXFileReference; fileEncoding = 4; lastKnownFileType = sourcecode.c.objc; path = MatchPlayersViewController.m; sourceTree = "<group>"; };
		82B9E12C1D86CE4000A1CA30 /* CuckooChicken.app */ = {isa = PBXFileReference; explicitFileType = wrapper.application; includeInIndex = 0; path = CuckooChicken.app; sourceTree = BUILT_PRODUCTS_DIR; };
		82B9E1301D86CE4000A1CA30 /* main.m */ = {isa = PBXFileReference; lastKnownFileType = sourcecode.c.objc; path = main.m; sourceTree = "<group>"; };
		82B9E1321D86CE4000A1CA30 /* AppDelegate.h */ = {isa = PBXFileReference; lastKnownFileType = sourcecode.c.h; path = AppDelegate.h; sourceTree = "<group>"; };
		82B9E1331D86CE4000A1CA30 /* AppDelegate.m */ = {isa = PBXFileReference; lastKnownFileType = sourcecode.c.objc; path = AppDelegate.m; sourceTree = "<group>"; };
		82B9E1351D86CE4000A1CA30 /* GameScene.h */ = {isa = PBXFileReference; lastKnownFileType = sourcecode.c.h; path = GameScene.h; sourceTree = "<group>"; };
		82B9E1361D86CE4000A1CA30 /* GameScene.m */ = {isa = PBXFileReference; lastKnownFileType = sourcecode.c.objc; path = GameScene.m; sourceTree = "<group>"; };
		82B9E1381D86CE4000A1CA30 /* GameScene.sks */ = {isa = PBXFileReference; lastKnownFileType = file.sks; path = GameScene.sks; sourceTree = "<group>"; };
		82B9E13A1D86CE4000A1CA30 /* GameViewController.h */ = {isa = PBXFileReference; lastKnownFileType = sourcecode.c.h; path = GameViewController.h; sourceTree = "<group>"; };
		82B9E13B1D86CE4000A1CA30 /* GameViewController.m */ = {isa = PBXFileReference; lastKnownFileType = sourcecode.c.objc; path = GameViewController.m; sourceTree = "<group>"; };
		82B9E13E1D86CE4000A1CA30 /* Base */ = {isa = PBXFileReference; lastKnownFileType = file.storyboard; name = Base; path = Base.lproj/Main.storyboard; sourceTree = "<group>"; };
		82B9E1401D86CE4000A1CA30 /* Assets.xcassets */ = {isa = PBXFileReference; lastKnownFileType = folder.assetcatalog; path = Assets.xcassets; sourceTree = "<group>"; };
		82B9E1431D86CE4000A1CA30 /* Base */ = {isa = PBXFileReference; lastKnownFileType = file.storyboard; name = Base; path = Base.lproj/LaunchScreen.storyboard; sourceTree = "<group>"; };
		82B9E1451D86CE4000A1CA30 /* Info.plist */ = {isa = PBXFileReference; lastKnownFileType = text.plist.xml; path = Info.plist; sourceTree = "<group>"; };
		82B9E1511D86CFCD00A1CA30 /* ViewController.h */ = {isa = PBXFileReference; fileEncoding = 4; lastKnownFileType = sourcecode.c.h; path = ViewController.h; sourceTree = "<group>"; };
		82B9E1521D86CFCD00A1CA30 /* ViewController.m */ = {isa = PBXFileReference; fileEncoding = 4; lastKnownFileType = sourcecode.c.objc; path = ViewController.m; sourceTree = "<group>"; };
		82ECC8D41D86E58200995012 /* GoogleService-Info.plist */ = {isa = PBXFileReference; fileEncoding = 4; lastKnownFileType = text.plist.xml; path = "GoogleService-Info.plist"; sourceTree = "<group>"; };
		897BFD7655E4E09520B6811D /* Pods_CuckooChicken.framework */ = {isa = PBXFileReference; explicitFileType = wrapper.framework; includeInIndex = 0; path = Pods_CuckooChicken.framework; sourceTree = BUILT_PRODUCTS_DIR; };
		E11972731D914FAC00B0AB77 /* SignInViewController.h */ = {isa = PBXFileReference; fileEncoding = 4; lastKnownFileType = sourcecode.c.h; path = SignInViewController.h; sourceTree = "<group>"; };
		E11972741D914FAC00B0AB77 /* SignInViewController.m */ = {isa = PBXFileReference; fileEncoding = 4; lastKnownFileType = sourcecode.c.objc; path = SignInViewController.m; sourceTree = "<group>"; };
		E11972791D91511200B0AB77 /* RegisteredViewController.h */ = {isa = PBXFileReference; fileEncoding = 4; lastKnownFileType = sourcecode.c.h; path = RegisteredViewController.h; sourceTree = "<group>"; };
		E119727A1D91511200B0AB77 /* RegisteredViewController.m */ = {isa = PBXFileReference; fileEncoding = 4; lastKnownFileType = sourcecode.c.objc; path = RegisteredViewController.m; sourceTree = "<group>"; };
		E11E93551DAE6FDB00669D81 /* FireBaseDataController.h */ = {isa = PBXFileReference; fileEncoding = 4; lastKnownFileType = sourcecode.c.h; path = FireBaseDataController.h; sourceTree = "<group>"; };
		E11E93561DAE6FDB00669D81 /* FireBaseDataController.m */ = {isa = PBXFileReference; fileEncoding = 4; lastKnownFileType = sourcecode.c.objc; path = FireBaseDataController.m; sourceTree = "<group>"; };
		E9379C843B6FD66F0E3CC2DA /* Pods-CuckooChicken.release.xcconfig */ = {isa = PBXFileReference; includeInIndex = 1; lastKnownFileType = text.xcconfig; name = "Pods-CuckooChicken.release.xcconfig"; path = "Pods/Target Support Files/Pods-CuckooChicken/Pods-CuckooChicken.release.xcconfig"; sourceTree = "<group>"; };
/* End PBXFileReference section */

/* Begin PBXFrameworksBuildPhase section */
		82B9E1291D86CE4000A1CA30 /* Frameworks */ = {
			isa = PBXFrameworksBuildPhase;
			buildActionMask = 2147483647;
			files = (
				1B8FBC1247055B6CF0A1E290 /* Pods_CuckooChicken.framework in Frameworks */,
			);
			runOnlyForDeploymentPostprocessing = 0;
		};
/* End PBXFrameworksBuildPhase section */

/* Begin PBXGroup section */
		023088C61DB36BE30037180E /* GameBackground */ = {
			isa = PBXGroup;
			children = (
				827097921DB1EB8800A624EA /* GameObject */,
				023088EE1DB3707A0037180E /* Skill */,
				023088C91DB36D060037180E /* CellBackgroundImage */,
				023088C81DB36CBF0037180E /* headImage */,
				023088C71DB36CAD0037180E /* BackgroundImage */,
			);
			name = GameBackground;
			path = CuckooChicken;
			sourceTree = "<group>";
		};
		023088C71DB36CAD0037180E /* BackgroundImage */ = {
			isa = PBXGroup;
			children = (
				023088E21DB370080037180E /* 配對.png */,
				023088E81DB3701A0037180E /* 找朋友.png */,
				023088E91DB3701A0037180E /* 技能選擇圖.png */,
				023088EA1DB3701A0037180E /* 小兵選擇圖.png */,
				023088E31DB370080037180E /* 狀態.png */,
				023088E41DB370080037180E /* 抽扭蛋.png */,
				023088DE1DB36F210037180E /* 技能點數.png */,
				023088DF1DB36F210037180E /* 小基金幣.png */,
				023088DC1DB36E920037180E /* Back.png */,
				023088D41DB36E580037180E /* Group 2.png */,
				023088D51DB36E580037180E /* GameBackground.png */,
				023088D61DB36E580037180E /* ViewBackground.png */,
				023088D71DB36E580037180E /* Optionview.png */,
			);
			name = BackgroundImage;
			sourceTree = "<group>";
		};
		023088C81DB36CBF0037180E /* headImage */ = {
			isa = PBXGroup;
			children = (
				023088CA1DB36D4C0037180E /* 螢幕快照 2016-10-13 20.20.04.png */,
				023088CB1DB36D4C0037180E /* 螢幕快照 2016-10-13 20.19.35.png */,
				023088CC1DB36D4C0037180E /* 螢幕快照 2016-10-13 20.20.55.png */,
				023088CD1DB36D4C0037180E /* 螢幕快照 2016-10-13 20.20.32.png */,
			);
			name = headImage;
			sourceTree = "<group>";
		};
		023088C91DB36D060037180E /* CellBackgroundImage */ = {
			isa = PBXGroup;
			children = (
				023088D21DB36E000037180E /* Group.png */,
			);
			name = CellBackgroundImage;
			sourceTree = "<group>";
		};
		023088EE1DB3707A0037180E /* Skill */ = {
			isa = PBXGroup;
			children = (
				023088EF1DB370A80037180E /* 牧師兵區域治療.png */,
				023088F01DB370A80037180E /* 魔法兵激光.png */,
				023088F11DB370A80037180E /* 盾兵技能.png */,
				023088F21DB370A80037180E /* 盜賊兵技能轉換.png */,
				023088F31DB370A80037180E /* 弓箭兵自動生成.png */,
			);
			name = Skill;
			sourceTree = "<group>";
		};
		31C6D386EDD182D38C4651AA /* Pods */ = {
			isa = PBXGroup;
			children = (
				5FD10F49BA2EF5B0B84AD9D3 /* Pods-CuckooChicken.debug.xcconfig */,
				E9379C843B6FD66F0E3CC2DA /* Pods-CuckooChicken.release.xcconfig */,
			);
			name = Pods;
			sourceTree = "<group>";
		};
		7030CA1CE3166D9D15E4BA4F /* Frameworks */ = {
			isa = PBXGroup;
			children = (
				897BFD7655E4E09520B6811D /* Pods_CuckooChicken.framework */,
			);
			name = Frameworks;
			sourceTree = "<group>";
		};
		827097921DB1EB8800A624EA /* GameObject */ = {
			isa = PBXGroup;
			children = (
				827097931DB1EBE300A624EA /* Player.h */,
				827097941DB1EBE300A624EA /* Player.m */,
				827097A21DB1EDA200A624EA /* image */,
			);
			name = GameObject;
			sourceTree = "<group>";
		};
		827097A21DB1EDA200A624EA /* image */ = {
			isa = PBXGroup;
			children = (
				827097961DB1ED9A00A624EA /* eagle-1.png */,
				827097971DB1ED9A00A624EA /* eagle-2.png */,
				827097981DB1ED9A00A624EA /* egg-1.png */,
				827097991DB1ED9A00A624EA /* egg-2.png */,
				8270979A1DB1ED9A00A624EA /* eagle_back1.png */,
				8270979B1DB1ED9A00A624EA /* eagle_back2.png */,
			);
			name = image;
			sourceTree = "<group>";
		};
		82B9E1231D86CE4000A1CA30 = {
			isa = PBXGroup;
			children = (
				82B9E12F1D86CE4000A1CA30 /* Supporting Files */,
				023088C61DB36BE30037180E /* GameBackground */,
				82B9E12E1D86CE4000A1CA30 /* CuckooChicken */,
				82B9E12D1D86CE4000A1CA30 /* Products */,
				31C6D386EDD182D38C4651AA /* Pods */,
				7030CA1CE3166D9D15E4BA4F /* Frameworks */,
			);
			sourceTree = "<group>";
		};
		82B9E12D1D86CE4000A1CA30 /* Products */ = {
			isa = PBXGroup;
			children = (
				82B9E12C1D86CE4000A1CA30 /* CuckooChicken.app */,
			);
			name = Products;
			sourceTree = "<group>";
		};
		82B9E12E1D86CE4000A1CA30 /* CuckooChicken */ = {
			isa = PBXGroup;
			children = (
				82ECC8D41D86E58200995012 /* GoogleService-Info.plist */,
				E11E93551DAE6FDB00669D81 /* FireBaseDataController.h */,
				E11E93561DAE6FDB00669D81 /* FireBaseDataController.m */,
				82B9E1321D86CE4000A1CA30 /* AppDelegate.h */,
				82B9E1331D86CE4000A1CA30 /* AppDelegate.m */,
				82B9E1351D86CE4000A1CA30 /* GameScene.h */,
				82B9E1361D86CE4000A1CA30 /* GameScene.m */,
				82B9E1381D86CE4000A1CA30 /* GameScene.sks */,
				82B9E13A1D86CE4000A1CA30 /* GameViewController.h */,
				82B9E13B1D86CE4000A1CA30 /* GameViewController.m */,
				827097A61DB2277600A624EA /* MatchPlayersViewController.h */,
				827097A71DB2277600A624EA /* MatchPlayersViewController.m */,
				827097A31DB200AA00A624EA /* FireBaseManager.h */,
				827097A41DB200AA00A624EA /* FireBaseManager.m */,
				82B9E1511D86CFCD00A1CA30 /* ViewController.h */,
				82B9E1521D86CFCD00A1CA30 /* ViewController.m */,
				82B9E13D1D86CE4000A1CA30 /* Main.storyboard */,
				E11972731D914FAC00B0AB77 /* SignInViewController.h */,
				E11972741D914FAC00B0AB77 /* SignInViewController.m */,
				E11972791D91511200B0AB77 /* RegisteredViewController.h */,
				E119727A1D91511200B0AB77 /* RegisteredViewController.m */,
				82B9E1401D86CE4000A1CA30 /* Assets.xcassets */,
				82B9E1421D86CE4000A1CA30 /* LaunchScreen.storyboard */,
				82B9E1451D86CE4000A1CA30 /* Info.plist */,
			);
			path = CuckooChicken;
			sourceTree = "<group>";
		};
		82B9E12F1D86CE4000A1CA30 /* Supporting Files */ = {
			isa = PBXGroup;
			children = (
				82B9E1301D86CE4000A1CA30 /* main.m */,
			);
			name = "Supporting Files";
			path = CuckooChicken;
			sourceTree = "<group>";
		};
/* End PBXGroup section */

/* Begin PBXNativeTarget section */
		82B9E12B1D86CE4000A1CA30 /* CuckooChicken */ = {
			isa = PBXNativeTarget;
			buildConfigurationList = 82B9E1481D86CE4000A1CA30 /* Build configuration list for PBXNativeTarget "CuckooChicken" */;
			buildPhases = (
				9BB39BB8E35FD027585BEC00 /* [CP] Check Pods Manifest.lock */,
				82B9E1281D86CE4000A1CA30 /* Sources */,
				82B9E1291D86CE4000A1CA30 /* Frameworks */,
				82B9E12A1D86CE4000A1CA30 /* Resources */,
				EDFCB9EC949915143C006563 /* [CP] Embed Pods Frameworks */,
				5C51A6B68E69C4E3478C7FE3 /* [CP] Copy Pods Resources */,
			);
			buildRules = (
			);
			dependencies = (
			);
			name = CuckooChicken;
			productName = CuckooChicken;
			productReference = 82B9E12C1D86CE4000A1CA30 /* CuckooChicken.app */;
			productType = "com.apple.product-type.application";
		};
/* End PBXNativeTarget section */

/* Begin PBXProject section */
		82B9E1241D86CE4000A1CA30 /* Project object */ = {
			isa = PBXProject;
			attributes = {
				LastUpgradeCheck = 0730;
				ORGANIZATIONNAME = Snow;
				TargetAttributes = {
					82B9E12B1D86CE4000A1CA30 = {
						CreatedOnToolsVersion = 7.3.1;
					};
				};
			};
			buildConfigurationList = 82B9E1271D86CE4000A1CA30 /* Build configuration list for PBXProject "CuckooChicken" */;
			compatibilityVersion = "Xcode 3.2";
			developmentRegion = English;
			hasScannedForEncodings = 0;
			knownRegions = (
				en,
				Base,
			);
			mainGroup = 82B9E1231D86CE4000A1CA30;
			productRefGroup = 82B9E12D1D86CE4000A1CA30 /* Products */;
			projectDirPath = "";
			projectRoot = "";
			targets = (
				82B9E12B1D86CE4000A1CA30 /* CuckooChicken */,
			);
		};
/* End PBXProject section */

/* Begin PBXResourcesBuildPhase section */
		82B9E12A1D86CE4000A1CA30 /* Resources */ = {
			isa = PBXResourcesBuildPhase;
			buildActionMask = 2147483647;
			files = (
				023088F71DB370A80037180E /* 盜賊兵技能轉換.png in Resources */,
				8270979C1DB1ED9A00A624EA /* eagle-1.png in Resources */,
				023088D91DB36E580037180E /* GameBackground.png in Resources */,
				82B9E1391D86CE4000A1CA30 /* GameScene.sks in Resources */,
				023088F41DB370A80037180E /* 牧師兵區域治療.png in Resources */,
				023088E71DB370080037180E /* 抽扭蛋.png in Resources */,
				82B9E1441D86CE4000A1CA30 /* LaunchScreen.storyboard in Resources */,
				82ECC8D51D86E58200995012 /* GoogleService-Info.plist in Resources */,
				023088EB1DB3701A0037180E /* 找朋友.png in Resources */,
				023088DB1DB36E580037180E /* Optionview.png in Resources */,
				023088CE1DB36D4C0037180E /* 螢幕快照 2016-10-13 20.20.04.png in Resources */,
				023088F51DB370A80037180E /* 魔法兵激光.png in Resources */,
				023088F61DB370A80037180E /* 盾兵技能.png in Resources */,
				023088ED1DB3701A0037180E /* 小兵選擇圖.png in Resources */,
				8270979D1DB1ED9A00A624EA /* eagle-2.png in Resources */,
				023088D11DB36D4C0037180E /* 螢幕快照 2016-10-13 20.20.32.png in Resources */,
				023088CF1DB36D4C0037180E /* 螢幕快照 2016-10-13 20.19.35.png in Resources */,
				023088E61DB370080037180E /* 狀態.png in Resources */,
				8270979F1DB1ED9A00A624EA /* egg-2.png in Resources */,
				023088F81DB370A80037180E /* 弓箭兵自動生成.png in Resources */,
				023088D81DB36E580037180E /* Group 2.png in Resources */,
				023088D31DB36E000037180E /* Group.png in Resources */,
				023088DA1DB36E580037180E /* ViewBackground.png in Resources */,
				023088D01DB36D4C0037180E /* 螢幕快照 2016-10-13 20.20.55.png in Resources */,
				023088DD1DB36E920037180E /* Back.png in Resources */,
				8270979E1DB1ED9A00A624EA /* egg-1.png in Resources */,
				827097A11DB1ED9A00A624EA /* eagle_back2.png in Resources */,
				827097A01DB1ED9A00A624EA /* eagle_back1.png in Resources */,
				023088E51DB370080037180E /* 配對.png in Resources */,
				82B9E1411D86CE4000A1CA30 /* Assets.xcassets in Resources */,
				023088E11DB36F210037180E /* 小基金幣.png in Resources */,
				023088E01DB36F210037180E /* 技能點數.png in Resources */,
				023088EC1DB3701A0037180E /* 技能選擇圖.png in Resources */,
				82B9E13F1D86CE4000A1CA30 /* Main.storyboard in Resources */,
			);
			runOnlyForDeploymentPostprocessing = 0;
		};
/* End PBXResourcesBuildPhase section */

/* Begin PBXShellScriptBuildPhase section */
		5C51A6B68E69C4E3478C7FE3 /* [CP] Copy Pods Resources */ = {
			isa = PBXShellScriptBuildPhase;
			buildActionMask = 2147483647;
			files = (
			);
			inputPaths = (
			);
			name = "[CP] Copy Pods Resources";
			outputPaths = (
			);
			runOnlyForDeploymentPostprocessing = 0;
			shellPath = /bin/sh;
			shellScript = "\"${SRCROOT}/Pods/Target Support Files/Pods-CuckooChicken/Pods-CuckooChicken-resources.sh\"\n";
			showEnvVarsInLog = 0;
		};
		9BB39BB8E35FD027585BEC00 /* [CP] Check Pods Manifest.lock */ = {
			isa = PBXShellScriptBuildPhase;
			buildActionMask = 2147483647;
			files = (
			);
			inputPaths = (
			);
			name = "[CP] Check Pods Manifest.lock";
			outputPaths = (
			);
			runOnlyForDeploymentPostprocessing = 0;
			shellPath = /bin/sh;
			shellScript = "diff \"${PODS_ROOT}/../Podfile.lock\" \"${PODS_ROOT}/Manifest.lock\" > /dev/null\nif [[ $? != 0 ]] ; then\n    cat << EOM\nerror: The sandbox is not in sync with the Podfile.lock. Run 'pod install' or update your CocoaPods installation.\nEOM\n    exit 1\nfi\n";
			showEnvVarsInLog = 0;
		};
		EDFCB9EC949915143C006563 /* [CP] Embed Pods Frameworks */ = {
			isa = PBXShellScriptBuildPhase;
			buildActionMask = 2147483647;
			files = (
			);
			inputPaths = (
			);
			name = "[CP] Embed Pods Frameworks";
			outputPaths = (
			);
			runOnlyForDeploymentPostprocessing = 0;
			shellPath = /bin/sh;
			shellScript = "\"${SRCROOT}/Pods/Target Support Files/Pods-CuckooChicken/Pods-CuckooChicken-frameworks.sh\"\n";
			showEnvVarsInLog = 0;
		};
/* End PBXShellScriptBuildPhase section */

/* Begin PBXSourcesBuildPhase section */
		82B9E1281D86CE4000A1CA30 /* Sources */ = {
			isa = PBXSourcesBuildPhase;
			buildActionMask = 2147483647;
			files = (
				827097951DB1EBE300A624EA /* Player.m in Sources */,
				82B9E13C1D86CE4000A1CA30 /* GameViewController.m in Sources */,
				E119727B1D91511200B0AB77 /* RegisteredViewController.m in Sources */,
				E11E93571DAE6FDB00669D81 /* FireBaseDataController.m in Sources */,
				82B9E1341D86CE4000A1CA30 /* AppDelegate.m in Sources */,
				827097A51DB200AA00A624EA /* FireBaseManager.m in Sources */,
				82B9E1371D86CE4000A1CA30 /* GameScene.m in Sources */,
				82B9E1311D86CE4000A1CA30 /* main.m in Sources */,
				E11972751D914FAC00B0AB77 /* SignInViewController.m in Sources */,
				82B9E1531D86CFCD00A1CA30 /* ViewController.m in Sources */,
				827097A81DB2277600A624EA /* MatchPlayersViewController.m in Sources */,
			);
			runOnlyForDeploymentPostprocessing = 0;
		};
/* End PBXSourcesBuildPhase section */

/* Begin PBXVariantGroup section */
		82B9E13D1D86CE4000A1CA30 /* Main.storyboard */ = {
			isa = PBXVariantGroup;
			children = (
				82B9E13E1D86CE4000A1CA30 /* Base */,
			);
			name = Main.storyboard;
			sourceTree = "<group>";
		};
		82B9E1421D86CE4000A1CA30 /* LaunchScreen.storyboard */ = {
			isa = PBXVariantGroup;
			children = (
				82B9E1431D86CE4000A1CA30 /* Base */,
			);
			name = LaunchScreen.storyboard;
			sourceTree = "<group>";
		};
/* End PBXVariantGroup section */

/* Begin XCBuildConfiguration section */
		82B9E1461D86CE4000A1CA30 /* Debug */ = {
			isa = XCBuildConfiguration;
			buildSettings = {
				ALWAYS_SEARCH_USER_PATHS = NO;
				CLANG_ANALYZER_NONNULL = YES;
				CLANG_CXX_LANGUAGE_STANDARD = "gnu++0x";
				CLANG_CXX_LIBRARY = "libc++";
				CLANG_ENABLE_MODULES = YES;
				CLANG_ENABLE_OBJC_ARC = YES;
				CLANG_WARN_BOOL_CONVERSION = YES;
				CLANG_WARN_CONSTANT_CONVERSION = YES;
				CLANG_WARN_DIRECT_OBJC_ISA_USAGE = YES_ERROR;
				CLANG_WARN_EMPTY_BODY = YES;
				CLANG_WARN_ENUM_CONVERSION = YES;
				CLANG_WARN_INT_CONVERSION = YES;
				CLANG_WARN_OBJC_ROOT_CLASS = YES_ERROR;
				CLANG_WARN_UNREACHABLE_CODE = YES;
				CLANG_WARN__DUPLICATE_METHOD_MATCH = YES;
				"CODE_SIGN_IDENTITY[sdk=iphoneos*]" = "iPhone Developer";
				COPY_PHASE_STRIP = NO;
				DEBUG_INFORMATION_FORMAT = "dwarf-with-dsym";
				ENABLE_STRICT_OBJC_MSGSEND = YES;
				ENABLE_TESTABILITY = YES;
				GCC_C_LANGUAGE_STANDARD = gnu99;
				GCC_DYNAMIC_NO_PIC = NO;
				GCC_NO_COMMON_BLOCKS = YES;
				GCC_OPTIMIZATION_LEVEL = 0;
				GCC_PREPROCESSOR_DEFINITIONS = (
					"DEBUG=1",
					"$(inherited)",
				);
				GCC_WARN_64_TO_32_BIT_CONVERSION = YES;
				GCC_WARN_ABOUT_RETURN_TYPE = YES_ERROR;
				GCC_WARN_UNDECLARED_SELECTOR = YES;
				GCC_WARN_UNINITIALIZED_AUTOS = YES_AGGRESSIVE;
				GCC_WARN_UNUSED_FUNCTION = YES;
				GCC_WARN_UNUSED_VARIABLE = YES;
				IPHONEOS_DEPLOYMENT_TARGET = 9.3;
				MTL_ENABLE_DEBUG_INFO = YES;
				ONLY_ACTIVE_ARCH = YES;
				SDKROOT = iphoneos;
				TARGETED_DEVICE_FAMILY = "1,2";
			};
			name = Debug;
		};
		82B9E1471D86CE4000A1CA30 /* Release */ = {
			isa = XCBuildConfiguration;
			buildSettings = {
				ALWAYS_SEARCH_USER_PATHS = NO;
				CLANG_ANALYZER_NONNULL = YES;
				CLANG_CXX_LANGUAGE_STANDARD = "gnu++0x";
				CLANG_CXX_LIBRARY = "libc++";
				CLANG_ENABLE_MODULES = YES;
				CLANG_ENABLE_OBJC_ARC = YES;
				CLANG_WARN_BOOL_CONVERSION = YES;
				CLANG_WARN_CONSTANT_CONVERSION = YES;
				CLANG_WARN_DIRECT_OBJC_ISA_USAGE = YES_ERROR;
				CLANG_WARN_EMPTY_BODY = YES;
				CLANG_WARN_ENUM_CONVERSION = YES;
				CLANG_WARN_INT_CONVERSION = YES;
				CLANG_WARN_OBJC_ROOT_CLASS = YES_ERROR;
				CLANG_WARN_UNREACHABLE_CODE = YES;
				CLANG_WARN__DUPLICATE_METHOD_MATCH = YES;
				"CODE_SIGN_IDENTITY[sdk=iphoneos*]" = "iPhone Developer";
				COPY_PHASE_STRIP = NO;
				DEBUG_INFORMATION_FORMAT = "dwarf-with-dsym";
				ENABLE_NS_ASSERTIONS = NO;
				ENABLE_STRICT_OBJC_MSGSEND = YES;
				GCC_C_LANGUAGE_STANDARD = gnu99;
				GCC_NO_COMMON_BLOCKS = YES;
				GCC_WARN_64_TO_32_BIT_CONVERSION = YES;
				GCC_WARN_ABOUT_RETURN_TYPE = YES_ERROR;
				GCC_WARN_UNDECLARED_SELECTOR = YES;
				GCC_WARN_UNINITIALIZED_AUTOS = YES_AGGRESSIVE;
				GCC_WARN_UNUSED_FUNCTION = YES;
				GCC_WARN_UNUSED_VARIABLE = YES;
				IPHONEOS_DEPLOYMENT_TARGET = 9.3;
				MTL_ENABLE_DEBUG_INFO = NO;
				SDKROOT = iphoneos;
				TARGETED_DEVICE_FAMILY = "1,2";
				VALIDATE_PRODUCT = YES;
			};
			name = Release;
		};
		82B9E1491D86CE4000A1CA30 /* Debug */ = {
			isa = XCBuildConfiguration;
			baseConfigurationReference = 5FD10F49BA2EF5B0B84AD9D3 /* Pods-CuckooChicken.debug.xcconfig */;
			buildSettings = {
				ASSETCATALOG_COMPILER_APPICON_NAME = AppIcon;
				DEVELOPMENT_TEAM = "";
				INFOPLIST_FILE = CuckooChicken/Info.plist;
				LD_RUNPATH_SEARCH_PATHS = "$(inherited) @executable_path/Frameworks";
				PRODUCT_BUNDLE_IDENTIFIER = com.snow.CuckooChicken;
				PRODUCT_NAME = "$(TARGET_NAME)";
			};
			name = Debug;
		};
		82B9E14A1D86CE4000A1CA30 /* Release */ = {
			isa = XCBuildConfiguration;
			baseConfigurationReference = E9379C843B6FD66F0E3CC2DA /* Pods-CuckooChicken.release.xcconfig */;
			buildSettings = {
				ASSETCATALOG_COMPILER_APPICON_NAME = AppIcon;
				DEVELOPMENT_TEAM = "";
				INFOPLIST_FILE = CuckooChicken/Info.plist;
				LD_RUNPATH_SEARCH_PATHS = "$(inherited) @executable_path/Frameworks";
				PRODUCT_BUNDLE_IDENTIFIER = com.snow.CuckooChicken;
				PRODUCT_NAME = "$(TARGET_NAME)";
			};
			name = Release;
		};
/* End XCBuildConfiguration section */

/* Begin XCConfigurationList section */
		82B9E1271D86CE4000A1CA30 /* Build configuration list for PBXProject "CuckooChicken" */ = {
			isa = XCConfigurationList;
			buildConfigurations = (
				82B9E1461D86CE4000A1CA30 /* Debug */,
				82B9E1471D86CE4000A1CA30 /* Release */,
			);
			defaultConfigurationIsVisible = 0;
			defaultConfigurationName = Release;
		};
		82B9E1481D86CE4000A1CA30 /* Build configuration list for PBXNativeTarget "CuckooChicken" */ = {
			isa = XCConfigurationList;
			buildConfigurations = (
				82B9E1491D86CE4000A1CA30 /* Debug */,
				82B9E14A1D86CE4000A1CA30 /* Release */,
			);
			defaultConfigurationIsVisible = 0;
			defaultConfigurationName = Release;
		};
/* End XCConfigurationList section */
	};
	rootObject = 82B9E1241D86CE4000A1CA30 /* Project object */;
}
