// !$*UTF8*$!
{
	archiveVersion = 1;
	classes = {
	};
	objectVersion = 46;
	objects = {

/* Begin PBXBuildFile section */
		0203B1741DBE1C27009DEE71 /* Bolts.framework in Frameworks */ = {isa = PBXBuildFile; fileRef = 0203B1701DBE1C26009DEE71 /* Bolts.framework */; };
		0203B1751DBE1C27009DEE71 /* FBSDKCoreKit.framework in Frameworks */ = {isa = PBXBuildFile; fileRef = 0203B1711DBE1C26009DEE71 /* FBSDKCoreKit.framework */; };
		0203B1761DBE1C27009DEE71 /* FBSDKLoginKit.framework in Frameworks */ = {isa = PBXBuildFile; fileRef = 0203B1721DBE1C26009DEE71 /* FBSDKLoginKit.framework */; };
		0203B1771DBE1C27009DEE71 /* FBSDKShareKit.framework in Frameworks */ = {isa = PBXBuildFile; fileRef = 0203B1731DBE1C26009DEE71 /* FBSDKShareKit.framework */; };
		0203B17D1DBE1F68009DEE71 /* turn_1.png in Resources */ = {isa = PBXBuildFile; fileRef = 0203B1791DBE1F68009DEE71 /* turn_1.png */; };
		0203B17E1DBE1F68009DEE71 /* turn_2.png in Resources */ = {isa = PBXBuildFile; fileRef = 0203B17A1DBE1F68009DEE71 /* turn_2.png */; };
		0203B1871DBE1F7F009DEE71 /* Background.png in Resources */ = {isa = PBXBuildFile; fileRef = 0203B1811DBE1F7F009DEE71 /* Background.png */; };
		0203B1881DBE1F7F009DEE71 /* character_1.png in Resources */ = {isa = PBXBuildFile; fileRef = 0203B1821DBE1F7F009DEE71 /* character_1.png */; };
		0203B1891DBE1F7F009DEE71 /* character_2.png in Resources */ = {isa = PBXBuildFile; fileRef = 0203B1831DBE1F7F009DEE71 /* character_2.png */; };
		0203B18A1DBE1F7F009DEE71 /* character_3.png in Resources */ = {isa = PBXBuildFile; fileRef = 0203B1841DBE1F7F009DEE71 /* character_3.png */; };
		0203B18B1DBE1F7F009DEE71 /* character_4.png in Resources */ = {isa = PBXBuildFile; fileRef = 0203B1851DBE1F7F009DEE71 /* character_4.png */; };
		0203B18C1DBE1F7F009DEE71 /* character_5.png in Resources */ = {isa = PBXBuildFile; fileRef = 0203B1861DBE1F7F009DEE71 /* character_5.png */; };
		0203B1991DBE1F8C009DEE71 /* Loading_1.png in Resources */ = {isa = PBXBuildFile; fileRef = 0203B18D1DBE1F8C009DEE71 /* Loading_1.png */; };
		0203B19A1DBE1F8C009DEE71 /* Loading_2.png in Resources */ = {isa = PBXBuildFile; fileRef = 0203B18E1DBE1F8C009DEE71 /* Loading_2.png */; };
		0203B19B1DBE1F8C009DEE71 /* Loading_3.png in Resources */ = {isa = PBXBuildFile; fileRef = 0203B18F1DBE1F8C009DEE71 /* Loading_3.png */; };
		0203B19C1DBE1F8C009DEE71 /* Loading_4.png in Resources */ = {isa = PBXBuildFile; fileRef = 0203B1901DBE1F8C009DEE71 /* Loading_4.png */; };
		0203B19D1DBE1F8C009DEE71 /* Loading_5.png in Resources */ = {isa = PBXBuildFile; fileRef = 0203B1911DBE1F8C009DEE71 /* Loading_5.png */; };
		0203B19E1DBE1F8C009DEE71 /* Loading_6.png in Resources */ = {isa = PBXBuildFile; fileRef = 0203B1921DBE1F8C009DEE71 /* Loading_6.png */; };
		0203B19F1DBE1F8C009DEE71 /* Loading_7.png in Resources */ = {isa = PBXBuildFile; fileRef = 0203B1931DBE1F8C009DEE71 /* Loading_7.png */; };
		0203B1A01DBE1F8C009DEE71 /* Loading_8.png in Resources */ = {isa = PBXBuildFile; fileRef = 0203B1941DBE1F8C009DEE71 /* Loading_8.png */; };
		0203B1A11DBE1F8C009DEE71 /* Loading_9.png in Resources */ = {isa = PBXBuildFile; fileRef = 0203B1951DBE1F8C009DEE71 /* Loading_9.png */; };
		0203B1A21DBE1F8C009DEE71 /* Loading_10.png in Resources */ = {isa = PBXBuildFile; fileRef = 0203B1961DBE1F8C009DEE71 /* Loading_10.png */; };
		0203B1A31DBE1F8C009DEE71 /* Loading_11.png in Resources */ = {isa = PBXBuildFile; fileRef = 0203B1971DBE1F8C009DEE71 /* Loading_11.png */; };
		0203B1A41DBE1F8C009DEE71 /* turnBackground_1.png in Resources */ = {isa = PBXBuildFile; fileRef = 0203B1981DBE1F8C009DEE71 /* turnBackground_1.png */; };
		0203B1AD1DBE2FD6009DEE71 /* backimage.png in Resources */ = {isa = PBXBuildFile; fileRef = 0203B1AB1DBE2FD6009DEE71 /* backimage.png */; };
		023088CE1DB36D4C0037180E /* 招喚01.png in Resources */ = {isa = PBXBuildFile; fileRef = 023088CA1DB36D4C0037180E /* 招喚01.png */; };
		023088CF1DB36D4C0037180E /* 螢幕快照 2016-10-13 20.19.35.png in Resources */ = {isa = PBXBuildFile; fileRef = 023088CB1DB36D4C0037180E /* 螢幕快照 2016-10-13 20.19.35.png */; };
		023088D01DB36D4C0037180E /* 螢幕快照 2016-10-13 20.20.55.png in Resources */ = {isa = PBXBuildFile; fileRef = 023088CC1DB36D4C0037180E /* 螢幕快照 2016-10-13 20.20.55.png */; };
		023088D11DB36D4C0037180E /* 螢幕快照 2016-10-13 20.20.32.png in Resources */ = {isa = PBXBuildFile; fileRef = 023088CD1DB36D4C0037180E /* 螢幕快照 2016-10-13 20.20.32.png */; };
		023088D31DB36E000037180E /* Group_01.png in Resources */ = {isa = PBXBuildFile; fileRef = 023088D21DB36E000037180E /* Group_01.png */; };
		023088DB1DB36E580037180E /* Optionview.png in Resources */ = {isa = PBXBuildFile; fileRef = 023088D71DB36E580037180E /* Optionview.png */; };
		023088F41DB370A80037180E /* 牧師兵區域治療.png in Resources */ = {isa = PBXBuildFile; fileRef = 023088EF1DB370A80037180E /* 牧師兵區域治療.png */; };
		023088F51DB370A80037180E /* 魔法兵激光.png in Resources */ = {isa = PBXBuildFile; fileRef = 023088F01DB370A80037180E /* 魔法兵激光.png */; };
		023088F61DB370A80037180E /* 盾兵技能.png in Resources */ = {isa = PBXBuildFile; fileRef = 023088F11DB370A80037180E /* 盾兵技能.png */; };
		023088F71DB370A80037180E /* 盜賊兵技能轉換.png in Resources */ = {isa = PBXBuildFile; fileRef = 023088F21DB370A80037180E /* 盜賊兵技能轉換.png */; };
		023088F81DB370A80037180E /* 弓箭兵自動生成.png in Resources */ = {isa = PBXBuildFile; fileRef = 023088F31DB370A80037180E /* 弓箭兵自動生成.png */; };
		026FDDC31DBF44460078B703 /* viewImage_2.png in Resources */ = {isa = PBXBuildFile; fileRef = 026FDDC21DBF44460078B703 /* viewImage_2.png */; };
		026FDDC71DBF50670078B703 /* Button_1.png in Resources */ = {isa = PBXBuildFile; fileRef = 026FDDC61DBF50670078B703 /* Button_1.png */; };
		026FDDCB1DBF53390078B703 /* Button_2.png in Resources */ = {isa = PBXBuildFile; fileRef = 026FDDC81DBF53390078B703 /* Button_2.png */; };
		026FDDCC1DBF53390078B703 /* Button_3.png in Resources */ = {isa = PBXBuildFile; fileRef = 026FDDC91DBF53390078B703 /* Button_3.png */; };
		026FDDCD1DBF53390078B703 /* Button_4.png in Resources */ = {isa = PBXBuildFile; fileRef = 026FDDCA1DBF53390078B703 /* Button_4.png */; };
		026FDDCF1DBF57160078B703 /* Button_6.png in Resources */ = {isa = PBXBuildFile; fileRef = 026FDDCE1DBF57160078B703 /* Button_6.png */; };
		026FDDD11DBF58840078B703 /* Button_7.png in Resources */ = {isa = PBXBuildFile; fileRef = 026FDDD01DBF58840078B703 /* Button_7.png */; };
		1B8FBC1247055B6CF0A1E290 /* Pods_CuckooChicken.framework in Frameworks */ = {isa = PBXBuildFile; fileRef = 897BFD7655E4E09520B6811D /* Pods_CuckooChicken.framework */; };
		820720B61DC8B36C005D47A5 /* StartGameViewController.m in Sources */ = {isa = PBXBuildFile; fileRef = 820720B51DC8B36C005D47A5 /* StartGameViewController.m */; };
		820720B91DC8C1F1005D47A5 /* GameOverBackground.png in Resources */ = {isa = PBXBuildFile; fileRef = 820720B81DC8C1F1005D47A5 /* GameOverBackground.png */; };
		820720BC1DC8C1FC005D47A5 /* Fail.png in Resources */ = {isa = PBXBuildFile; fileRef = 820720BA1DC8C1FB005D47A5 /* Fail.png */; };
		820720BD1DC8C1FC005D47A5 /* Win.png in Resources */ = {isa = PBXBuildFile; fileRef = 820720BB1DC8C1FB005D47A5 /* Win.png */; };
		820720BF1DC8C57B005D47A5 /* Button_new.png in Resources */ = {isa = PBXBuildFile; fileRef = 820720BE1DC8C57B005D47A5 /* Button_new.png */; };
		820720C21DC8C9EB005D47A5 /* SpriteKitButton.swift in Sources */ = {isa = PBXBuildFile; fileRef = 820720C11DC8C9EB005D47A5 /* SpriteKitButton.swift */; };
		822635A71DBF40660065E3CE /* GameBackground_loop.png in Resources */ = {isa = PBXBuildFile; fileRef = 822635A61DBF40660065E3CE /* GameBackground_loop.png */; };
		822635C71DC0821F0065E3CE /* CallMonsterBar.png in Resources */ = {isa = PBXBuildFile; fileRef = 822635C61DC0821F0065E3CE /* CallMonsterBar.png */; };
		822635CA1DC08AC60065E3CE /* Monster.m in Sources */ = {isa = PBXBuildFile; fileRef = 822635C91DC08AC60065E3CE /* Monster.m */; };
		823C08261DBB59A30046E94A /* BulletGalaga.png in Resources */ = {isa = PBXBuildFile; fileRef = 823C08251DBB59A30046E94A /* BulletGalaga.png */; };
		823C08BF1DBF29F00046E94A /* UI_blood.png in Resources */ = {isa = PBXBuildFile; fileRef = 823C08BE1DBF29F00046E94A /* UI_blood.png */; };
		823EF9571DD34E2700300497 /* UI_MainCityBar.png in Resources */ = {isa = PBXBuildFile; fileRef = 823EF9561DD34E2700300497 /* UI_MainCityBar.png */; };
		823EF95A1DD353F700300497 /* AVFoundation.framework in Frameworks */ = {isa = PBXBuildFile; fileRef = 823EF9591DD353F700300497 /* AVFoundation.framework */; };
		823EF95C1DD354AE00300497 /* MainCity.mp3 in Resources */ = {isa = PBXBuildFile; fileRef = 823EF95B1DD354AE00300497 /* MainCity.mp3 */; };
		823EF95F1DD358F300300497 /* AudioManager.m in Sources */ = {isa = PBXBuildFile; fileRef = 823EF95E1DD358F300300497 /* AudioManager.m */; };
		823EF9611DD35CED00300497 /* Fire.mp3 in Resources */ = {isa = PBXBuildFile; fileRef = 823EF9601DD35CED00300497 /* Fire.mp3 */; };
		824284171DCA2AA90006AAC0 /* MatchManager.m in Sources */ = {isa = PBXBuildFile; fileRef = 824284161DCA2AA90006AAC0 /* MatchManager.m */; };
		826D73311DC752CB00EE5242 /* GameCenterManager.m in Sources */ = {isa = PBXBuildFile; fileRef = 826D73301DC752CB00EE5242 /* GameCenterManager.m */; };
		826D73331DC7538800EE5242 /* GoogleService-Info.plist in Resources */ = {isa = PBXBuildFile; fileRef = 826D73321DC7538800EE5242 /* GoogleService-Info.plist */; };
		826D73371DC75A9300EE5242 /* pirate1.png in Resources */ = {isa = PBXBuildFile; fileRef = 826D73351DC75A9300EE5242 /* pirate1.png */; };
		826D733A1DC75CF900EE5242 /* pirate2.png in Resources */ = {isa = PBXBuildFile; fileRef = 826D73391DC75CF900EE5242 /* pirate2.png */; };
		826D733D1DC75DDD00EE5242 /* shield1.png in Resources */ = {isa = PBXBuildFile; fileRef = 826D733B1DC75DDD00EE5242 /* shield1.png */; };
		826D733E1DC75DDD00EE5242 /* shield2.png in Resources */ = {isa = PBXBuildFile; fileRef = 826D733C1DC75DDD00EE5242 /* shield2.png */; };
		826D73411DC75E9600EE5242 /* Magician1.png in Resources */ = {isa = PBXBuildFile; fileRef = 826D733F1DC75E9600EE5242 /* Magician1.png */; };
		826D73421DC75E9600EE5242 /* Magician2.png in Resources */ = {isa = PBXBuildFile; fileRef = 826D73401DC75E9600EE5242 /* Magician2.png */; };
		826D73451DC75F2E00EE5242 /* Priest1.png in Resources */ = {isa = PBXBuildFile; fileRef = 826D73431DC75F2E00EE5242 /* Priest1.png */; };
		826D73461DC75F2E00EE5242 /* Priest2.png in Resources */ = {isa = PBXBuildFile; fileRef = 826D73441DC75F2E00EE5242 /* Priest2.png */; };
		827097951DB1EBE300A624EA /* Player.m in Sources */ = {isa = PBXBuildFile; fileRef = 827097941DB1EBE300A624EA /* Player.m */; };
		8270979C1DB1ED9A00A624EA /* eagle-1.png in Resources */ = {isa = PBXBuildFile; fileRef = 827097961DB1ED9A00A624EA /* eagle-1.png */; };
		8270979D1DB1ED9A00A624EA /* eagle-2.png in Resources */ = {isa = PBXBuildFile; fileRef = 827097971DB1ED9A00A624EA /* eagle-2.png */; };
		8270979E1DB1ED9A00A624EA /* egg-1.png in Resources */ = {isa = PBXBuildFile; fileRef = 827097981DB1ED9A00A624EA /* egg-1.png */; };
		8270979F1DB1ED9A00A624EA /* egg-2.png in Resources */ = {isa = PBXBuildFile; fileRef = 827097991DB1ED9A00A624EA /* egg-2.png */; };
		827097A01DB1ED9A00A624EA /* eagle_back1.png in Resources */ = {isa = PBXBuildFile; fileRef = 8270979A1DB1ED9A00A624EA /* eagle_back1.png */; };
		827097A11DB1ED9A00A624EA /* eagle_back2.png in Resources */ = {isa = PBXBuildFile; fileRef = 8270979B1DB1ED9A00A624EA /* eagle_back2.png */; };
		827097A51DB200AA00A624EA /* FireBaseManager.m in Sources */ = {isa = PBXBuildFile; fileRef = 827097A41DB200AA00A624EA /* FireBaseManager.m */; };
		827097A81DB2277600A624EA /* MatchPlayersViewController.m in Sources */ = {isa = PBXBuildFile; fileRef = 827097A71DB2277600A624EA /* MatchPlayersViewController.m */; };
		8287EAFC1DC9F25900EE0DB7 /* MainCity.sks in Resources */ = {isa = PBXBuildFile; fileRef = 8287EAFB1DC9F25900EE0DB7 /* MainCity.sks */; };
		8287EAFF1DC9F2A900EE0DB7 /* MainCity.m in Sources */ = {isa = PBXBuildFile; fileRef = 8287EAFE1DC9F2A900EE0DB7 /* MainCity.m */; };
		82B2E1F21DCC9AED0080A46D /* FriendTableViewController.m in Sources */ = {isa = PBXBuildFile; fileRef = 82B2E1F11DCC9AED0080A46D /* FriendTableViewController.m */; };
		82B9E1311D86CE4000A1CA30 /* main.m in Sources */ = {isa = PBXBuildFile; fileRef = 82B9E1301D86CE4000A1CA30 /* main.m */; };
		82B9E1341D86CE4000A1CA30 /* AppDelegate.m in Sources */ = {isa = PBXBuildFile; fileRef = 82B9E1331D86CE4000A1CA30 /* AppDelegate.m */; };
		82B9E1371D86CE4000A1CA30 /* GameScene.m in Sources */ = {isa = PBXBuildFile; fileRef = 82B9E1361D86CE4000A1CA30 /* GameScene.m */; };
		82B9E1391D86CE4000A1CA30 /* GameScene.sks in Resources */ = {isa = PBXBuildFile; fileRef = 82B9E1381D86CE4000A1CA30 /* GameScene.sks */; };
		82B9E13C1D86CE4000A1CA30 /* GameViewController.m in Sources */ = {isa = PBXBuildFile; fileRef = 82B9E13B1D86CE4000A1CA30 /* GameViewController.m */; };
		82B9E13F1D86CE4000A1CA30 /* Main.storyboard in Resources */ = {isa = PBXBuildFile; fileRef = 82B9E13D1D86CE4000A1CA30 /* Main.storyboard */; };
		82B9E1441D86CE4000A1CA30 /* LaunchScreen.storyboard in Resources */ = {isa = PBXBuildFile; fileRef = 82B9E1421D86CE4000A1CA30 /* LaunchScreen.storyboard */; };
		82B9E1531D86CFCD00A1CA30 /* ViewController.m in Sources */ = {isa = PBXBuildFile; fileRef = 82B9E1521D86CFCD00A1CA30 /* ViewController.m */; };
		82C11ACA1DC8B08900BBC854 /* heart.png in Resources */ = {isa = PBXBuildFile; fileRef = 82C11AC91DC8B08900BBC854 /* heart.png */; };
		82C552DC1DD07FE500E7F325 /* FriendMatchManager.m in Sources */ = {isa = PBXBuildFile; fileRef = 82C552DB1DD07FE500E7F325 /* FriendMatchManager.m */; };
		82DBFF381DC46C5800E4647C /* GameKit.framework in Frameworks */ = {isa = PBXBuildFile; fileRef = 82DBFF371DC46C5800E4647C /* GameKit.framework */; };
		E105D0451DEFCF89006F3C1C /* character_2 copy.png in Resources */ = {isa = PBXBuildFile; fileRef = E105D0441DEFCF89006F3C1C /* character_2 copy.png */; };
		E105D0481DEFD0C4006F3C1C /* GameCenter.png in Resources */ = {isa = PBXBuildFile; fileRef = E105D0461DEFD0C4006F3C1C /* GameCenter.png */; };
		E105D0491DEFD0C4006F3C1C /* 找朋友.png in Resources */ = {isa = PBXBuildFile; fileRef = E105D0471DEFD0C4006F3C1C /* 找朋友.png */; };
		E105D04B1DEFD231006F3C1C /* viewImage.png in Resources */ = {isa = PBXBuildFile; fileRef = E105D04A1DEFD231006F3C1C /* viewImage.png */; };
		E105D0651DF018AA006F3C1C /* FriendCellRow.png in Resources */ = {isa = PBXBuildFile; fileRef = E105D0641DF018AA006F3C1C /* FriendCellRow.png */; };
		E105D0671DF04464006F3C1C /* Assets.xcassets in Resources */ = {isa = PBXBuildFile; fileRef = E105D0661DF04464006F3C1C /* Assets.xcassets */; };
		E105D0691DF05339006F3C1C /* Text_1.png in Resources */ = {isa = PBXBuildFile; fileRef = E105D0681DF05339006F3C1C /* Text_1.png */; };
		E11972751D914FAC00B0AB77 /* SignInViewController.m in Sources */ = {isa = PBXBuildFile; fileRef = E11972741D914FAC00B0AB77 /* SignInViewController.m */; };
		E119727B1D91511200B0AB77 /* RegisteredViewController.m in Sources */ = {isa = PBXBuildFile; fileRef = E119727A1D91511200B0AB77 /* RegisteredViewController.m */; };
		E16CE2BF1DB8EFE90091ABEF /* AppState.m in Sources */ = {isa = PBXBuildFile; fileRef = E16CE2BE1DB8EFE90091ABEF /* AppState.m */; };
		E16CE2C21DB8F00F0091ABEF /* Constants.m in Sources */ = {isa = PBXBuildFile; fileRef = E16CE2C11DB8F00F0091ABEF /* Constants.m */; };
		E16CE2C61DB8F0EA0091ABEF /* MeasurementHelper.m in Sources */ = {isa = PBXBuildFile; fileRef = E16CE2C51DB8F0EA0091ABEF /* MeasurementHelper.m */; };
		E1E77E1A1DF9338400C3AA67 /* Group 13.png in Resources */ = {isa = PBXBuildFile; fileRef = E1E77E191DF9338400C3AA67 /* Group 13.png */; };
		E1F033131DF43BEB00C954AD /* Group2.png in Resources */ = {isa = PBXBuildFile; fileRef = E1F033121DF43BEB00C954AD /* Group2.png */; };
		E1F033171DF4691F00C954AD /* 招喚02.png in Resources */ = {isa = PBXBuildFile; fileRef = E1F033161DF4691F00C954AD /* 招喚02.png */; };
/* End PBXBuildFile section */

/* Begin PBXFileReference section */
		0203B1701DBE1C26009DEE71 /* Bolts.framework */ = {isa = PBXFileReference; lastKnownFileType = wrapper.framework; name = Bolts.framework; path = FacebookSDK/Bolts.framework; sourceTree = "<group>"; };
		0203B1711DBE1C26009DEE71 /* FBSDKCoreKit.framework */ = {isa = PBXFileReference; lastKnownFileType = wrapper.framework; name = FBSDKCoreKit.framework; path = FacebookSDK/FBSDKCoreKit.framework; sourceTree = "<group>"; };
		0203B1721DBE1C26009DEE71 /* FBSDKLoginKit.framework */ = {isa = PBXFileReference; lastKnownFileType = wrapper.framework; name = FBSDKLoginKit.framework; path = FacebookSDK/FBSDKLoginKit.framework; sourceTree = "<group>"; };
		0203B1731DBE1C26009DEE71 /* FBSDKShareKit.framework */ = {isa = PBXFileReference; lastKnownFileType = wrapper.framework; name = FBSDKShareKit.framework; path = FacebookSDK/FBSDKShareKit.framework; sourceTree = "<group>"; };
		0203B1791DBE1F68009DEE71 /* turn_1.png */ = {isa = PBXFileReference; lastKnownFileType = image.png; path = turn_1.png; sourceTree = "<group>"; };
		0203B17A1DBE1F68009DEE71 /* turn_2.png */ = {isa = PBXFileReference; lastKnownFileType = image.png; path = turn_2.png; sourceTree = "<group>"; };
		0203B1811DBE1F7F009DEE71 /* Background.png */ = {isa = PBXFileReference; lastKnownFileType = image.png; path = Background.png; sourceTree = "<group>"; };
		0203B1821DBE1F7F009DEE71 /* character_1.png */ = {isa = PBXFileReference; lastKnownFileType = image.png; path = character_1.png; sourceTree = "<group>"; };
		0203B1831DBE1F7F009DEE71 /* character_2.png */ = {isa = PBXFileReference; lastKnownFileType = image.png; path = character_2.png; sourceTree = "<group>"; };
		0203B1841DBE1F7F009DEE71 /* character_3.png */ = {isa = PBXFileReference; lastKnownFileType = image.png; path = character_3.png; sourceTree = "<group>"; };
		0203B1851DBE1F7F009DEE71 /* character_4.png */ = {isa = PBXFileReference; lastKnownFileType = image.png; path = character_4.png; sourceTree = "<group>"; };
		0203B1861DBE1F7F009DEE71 /* character_5.png */ = {isa = PBXFileReference; lastKnownFileType = image.png; path = character_5.png; sourceTree = "<group>"; };
		0203B18D1DBE1F8C009DEE71 /* Loading_1.png */ = {isa = PBXFileReference; lastKnownFileType = image.png; path = Loading_1.png; sourceTree = "<group>"; };
		0203B18E1DBE1F8C009DEE71 /* Loading_2.png */ = {isa = PBXFileReference; lastKnownFileType = image.png; path = Loading_2.png; sourceTree = "<group>"; };
		0203B18F1DBE1F8C009DEE71 /* Loading_3.png */ = {isa = PBXFileReference; lastKnownFileType = image.png; path = Loading_3.png; sourceTree = "<group>"; };
		0203B1901DBE1F8C009DEE71 /* Loading_4.png */ = {isa = PBXFileReference; lastKnownFileType = image.png; path = Loading_4.png; sourceTree = "<group>"; };
		0203B1911DBE1F8C009DEE71 /* Loading_5.png */ = {isa = PBXFileReference; lastKnownFileType = image.png; path = Loading_5.png; sourceTree = "<group>"; };
		0203B1921DBE1F8C009DEE71 /* Loading_6.png */ = {isa = PBXFileReference; lastKnownFileType = image.png; path = Loading_6.png; sourceTree = "<group>"; };
		0203B1931DBE1F8C009DEE71 /* Loading_7.png */ = {isa = PBXFileReference; lastKnownFileType = image.png; path = Loading_7.png; sourceTree = "<group>"; };
		0203B1941DBE1F8C009DEE71 /* Loading_8.png */ = {isa = PBXFileReference; lastKnownFileType = image.png; path = Loading_8.png; sourceTree = "<group>"; };
		0203B1951DBE1F8C009DEE71 /* Loading_9.png */ = {isa = PBXFileReference; lastKnownFileType = image.png; path = Loading_9.png; sourceTree = "<group>"; };
		0203B1961DBE1F8C009DEE71 /* Loading_10.png */ = {isa = PBXFileReference; lastKnownFileType = image.png; path = Loading_10.png; sourceTree = "<group>"; };
		0203B1971DBE1F8C009DEE71 /* Loading_11.png */ = {isa = PBXFileReference; lastKnownFileType = image.png; path = Loading_11.png; sourceTree = "<group>"; };
		0203B1981DBE1F8C009DEE71 /* turnBackground_1.png */ = {isa = PBXFileReference; lastKnownFileType = image.png; path = turnBackground_1.png; sourceTree = "<group>"; };
		0203B1AB1DBE2FD6009DEE71 /* backimage.png */ = {isa = PBXFileReference; lastKnownFileType = image.png; path = backimage.png; sourceTree = "<group>"; };
		023088CA1DB36D4C0037180E /* 招喚01.png */ = {isa = PBXFileReference; lastKnownFileType = image.png; path = "招喚01.png"; sourceTree = "<group>"; };
		023088CB1DB36D4C0037180E /* 螢幕快照 2016-10-13 20.19.35.png */ = {isa = PBXFileReference; lastKnownFileType = image.png; path = "螢幕快照 2016-10-13 20.19.35.png"; sourceTree = "<group>"; };
		023088CC1DB36D4C0037180E /* 螢幕快照 2016-10-13 20.20.55.png */ = {isa = PBXFileReference; lastKnownFileType = image.png; path = "螢幕快照 2016-10-13 20.20.55.png"; sourceTree = "<group>"; };
		023088CD1DB36D4C0037180E /* 螢幕快照 2016-10-13 20.20.32.png */ = {isa = PBXFileReference; lastKnownFileType = image.png; path = "螢幕快照 2016-10-13 20.20.32.png"; sourceTree = "<group>"; };
		023088D21DB36E000037180E /* Group_01.png */ = {isa = PBXFileReference; lastKnownFileType = image.png; path = Group_01.png; sourceTree = "<group>"; };
		023088D71DB36E580037180E /* Optionview.png */ = {isa = PBXFileReference; lastKnownFileType = image.png; path = Optionview.png; sourceTree = "<group>"; };
		023088EF1DB370A80037180E /* 牧師兵區域治療.png */ = {isa = PBXFileReference; lastKnownFileType = image.png; path = "牧師兵區域治療.png"; sourceTree = "<group>"; };
		023088F01DB370A80037180E /* 魔法兵激光.png */ = {isa = PBXFileReference; lastKnownFileType = image.png; path = "魔法兵激光.png"; sourceTree = "<group>"; };
		023088F11DB370A80037180E /* 盾兵技能.png */ = {isa = PBXFileReference; lastKnownFileType = image.png; path = "盾兵技能.png"; sourceTree = "<group>"; };
		023088F21DB370A80037180E /* 盜賊兵技能轉換.png */ = {isa = PBXFileReference; lastKnownFileType = image.png; path = "盜賊兵技能轉換.png"; sourceTree = "<group>"; };
		023088F31DB370A80037180E /* 弓箭兵自動生成.png */ = {isa = PBXFileReference; lastKnownFileType = image.png; path = "弓箭兵自動生成.png"; sourceTree = "<group>"; };
		026FDDC21DBF44460078B703 /* viewImage_2.png */ = {isa = PBXFileReference; lastKnownFileType = image.png; path = viewImage_2.png; sourceTree = "<group>"; };
		026FDDC61DBF50670078B703 /* Button_1.png */ = {isa = PBXFileReference; lastKnownFileType = image.png; path = Button_1.png; sourceTree = "<group>"; };
		026FDDC81DBF53390078B703 /* Button_2.png */ = {isa = PBXFileReference; lastKnownFileType = image.png; path = Button_2.png; sourceTree = "<group>"; };
		026FDDC91DBF53390078B703 /* Button_3.png */ = {isa = PBXFileReference; lastKnownFileType = image.png; path = Button_3.png; sourceTree = "<group>"; };
		026FDDCA1DBF53390078B703 /* Button_4.png */ = {isa = PBXFileReference; lastKnownFileType = image.png; path = Button_4.png; sourceTree = "<group>"; };
		026FDDCE1DBF57160078B703 /* Button_6.png */ = {isa = PBXFileReference; lastKnownFileType = image.png; path = Button_6.png; sourceTree = "<group>"; };
		026FDDD01DBF58840078B703 /* Button_7.png */ = {isa = PBXFileReference; lastKnownFileType = image.png; path = Button_7.png; sourceTree = "<group>"; };
		5FD10F49BA2EF5B0B84AD9D3 /* Pods-CuckooChicken.debug.xcconfig */ = {isa = PBXFileReference; includeInIndex = 1; lastKnownFileType = text.xcconfig; name = "Pods-CuckooChicken.debug.xcconfig"; path = "Pods/Target Support Files/Pods-CuckooChicken/Pods-CuckooChicken.debug.xcconfig"; sourceTree = "<group>"; };
		820720B41DC8B36C005D47A5 /* StartGameViewController.h */ = {isa = PBXFileReference; fileEncoding = 4; lastKnownFileType = sourcecode.c.h; path = StartGameViewController.h; sourceTree = "<group>"; };
		820720B51DC8B36C005D47A5 /* StartGameViewController.m */ = {isa = PBXFileReference; fileEncoding = 4; lastKnownFileType = sourcecode.c.objc; path = StartGameViewController.m; sourceTree = "<group>"; };
		820720B81DC8C1F1005D47A5 /* GameOverBackground.png */ = {isa = PBXFileReference; lastKnownFileType = image.png; path = GameOverBackground.png; sourceTree = "<group>"; };
		820720BA1DC8C1FB005D47A5 /* Fail.png */ = {isa = PBXFileReference; lastKnownFileType = image.png; path = Fail.png; sourceTree = "<group>"; };
		820720BB1DC8C1FB005D47A5 /* Win.png */ = {isa = PBXFileReference; lastKnownFileType = image.png; path = Win.png; sourceTree = "<group>"; };
		820720BE1DC8C57B005D47A5 /* Button_new.png */ = {isa = PBXFileReference; lastKnownFileType = image.png; path = Button_new.png; sourceTree = "<group>"; };
		820720C01DC8C9EA005D47A5 /* CuckooChicken-Bridging-Header.h */ = {isa = PBXFileReference; lastKnownFileType = sourcecode.c.h; path = "CuckooChicken-Bridging-Header.h"; sourceTree = "<group>"; };
		820720C11DC8C9EB005D47A5 /* SpriteKitButton.swift */ = {isa = PBXFileReference; fileEncoding = 4; lastKnownFileType = sourcecode.swift; path = SpriteKitButton.swift; sourceTree = "<group>"; };
		822635A61DBF40660065E3CE /* GameBackground_loop.png */ = {isa = PBXFileReference; lastKnownFileType = image.png; path = GameBackground_loop.png; sourceTree = "<group>"; };
		822635C61DC0821F0065E3CE /* CallMonsterBar.png */ = {isa = PBXFileReference; lastKnownFileType = image.png; path = CallMonsterBar.png; sourceTree = "<group>"; };
		822635C81DC08AC60065E3CE /* Monster.h */ = {isa = PBXFileReference; fileEncoding = 4; lastKnownFileType = sourcecode.c.h; path = Monster.h; sourceTree = "<group>"; };
		822635C91DC08AC60065E3CE /* Monster.m */ = {isa = PBXFileReference; fileEncoding = 4; lastKnownFileType = sourcecode.c.objc; path = Monster.m; sourceTree = "<group>"; };
		823C08251DBB59A30046E94A /* BulletGalaga.png */ = {isa = PBXFileReference; lastKnownFileType = image.png; path = BulletGalaga.png; sourceTree = "<group>"; };
		823C08BE1DBF29F00046E94A /* UI_blood.png */ = {isa = PBXFileReference; lastKnownFileType = image.png; path = UI_blood.png; sourceTree = "<group>"; };
		823EF9561DD34E2700300497 /* UI_MainCityBar.png */ = {isa = PBXFileReference; lastKnownFileType = image.png; path = UI_MainCityBar.png; sourceTree = "<group>"; };
		823EF9591DD353F700300497 /* AVFoundation.framework */ = {isa = PBXFileReference; lastKnownFileType = wrapper.framework; name = AVFoundation.framework; path = System/Library/Frameworks/AVFoundation.framework; sourceTree = SDKROOT; };
		823EF95B1DD354AE00300497 /* MainCity.mp3 */ = {isa = PBXFileReference; lastKnownFileType = audio.mp3; path = MainCity.mp3; sourceTree = "<group>"; };
		823EF95D1DD358F300300497 /* AudioManager.h */ = {isa = PBXFileReference; fileEncoding = 4; lastKnownFileType = sourcecode.c.h; name = AudioManager.h; path = CuckooChicken/AudioManager.h; sourceTree = "<group>"; };
		823EF95E1DD358F300300497 /* AudioManager.m */ = {isa = PBXFileReference; fileEncoding = 4; lastKnownFileType = sourcecode.c.objc; name = AudioManager.m; path = CuckooChicken/AudioManager.m; sourceTree = "<group>"; };
		823EF9601DD35CED00300497 /* Fire.mp3 */ = {isa = PBXFileReference; lastKnownFileType = audio.mp3; path = Fire.mp3; sourceTree = "<group>"; };
		824284151DCA2AA90006AAC0 /* MatchManager.h */ = {isa = PBXFileReference; fileEncoding = 4; lastKnownFileType = sourcecode.c.h; name = MatchManager.h; path = CuckooChicken/MatchManager.h; sourceTree = "<group>"; };
		824284161DCA2AA90006AAC0 /* MatchManager.m */ = {isa = PBXFileReference; fileEncoding = 4; lastKnownFileType = sourcecode.c.objc; name = MatchManager.m; path = CuckooChicken/MatchManager.m; sourceTree = "<group>"; };
		826D732F1DC752CB00EE5242 /* GameCenterManager.h */ = {isa = PBXFileReference; fileEncoding = 4; lastKnownFileType = sourcecode.c.h; name = GameCenterManager.h; path = CuckooChicken/GameCenterManager.h; sourceTree = "<group>"; };
		826D73301DC752CB00EE5242 /* GameCenterManager.m */ = {isa = PBXFileReference; fileEncoding = 4; lastKnownFileType = sourcecode.c.objc; name = GameCenterManager.m; path = CuckooChicken/GameCenterManager.m; sourceTree = "<group>"; };
		826D73321DC7538800EE5242 /* GoogleService-Info.plist */ = {isa = PBXFileReference; fileEncoding = 4; lastKnownFileType = text.plist.xml; path = "GoogleService-Info.plist"; sourceTree = "<group>"; };
		826D73351DC75A9300EE5242 /* pirate1.png */ = {isa = PBXFileReference; lastKnownFileType = image.png; path = pirate1.png; sourceTree = "<group>"; };
		826D73391DC75CF900EE5242 /* pirate2.png */ = {isa = PBXFileReference; lastKnownFileType = image.png; path = pirate2.png; sourceTree = "<group>"; };
		826D733B1DC75DDD00EE5242 /* shield1.png */ = {isa = PBXFileReference; lastKnownFileType = image.png; path = shield1.png; sourceTree = "<group>"; };
		826D733C1DC75DDD00EE5242 /* shield2.png */ = {isa = PBXFileReference; lastKnownFileType = image.png; path = shield2.png; sourceTree = "<group>"; };
		826D733F1DC75E9600EE5242 /* Magician1.png */ = {isa = PBXFileReference; lastKnownFileType = image.png; path = Magician1.png; sourceTree = "<group>"; };
		826D73401DC75E9600EE5242 /* Magician2.png */ = {isa = PBXFileReference; lastKnownFileType = image.png; path = Magician2.png; sourceTree = "<group>"; };
		826D73431DC75F2E00EE5242 /* Priest1.png */ = {isa = PBXFileReference; lastKnownFileType = image.png; path = Priest1.png; sourceTree = "<group>"; };
		826D73441DC75F2E00EE5242 /* Priest2.png */ = {isa = PBXFileReference; lastKnownFileType = image.png; path = Priest2.png; sourceTree = "<group>"; };
		827097931DB1EBE300A624EA /* Player.h */ = {isa = PBXFileReference; fileEncoding = 4; lastKnownFileType = sourcecode.c.h; path = Player.h; sourceTree = "<group>"; };
		827097941DB1EBE300A624EA /* Player.m */ = {isa = PBXFileReference; fileEncoding = 4; lastKnownFileType = sourcecode.c.objc; path = Player.m; sourceTree = "<group>"; };
		827097961DB1ED9A00A624EA /* eagle-1.png */ = {isa = PBXFileReference; lastKnownFileType = image.png; path = "eagle-1.png"; sourceTree = "<group>"; };
		827097971DB1ED9A00A624EA /* eagle-2.png */ = {isa = PBXFileReference; lastKnownFileType = image.png; path = "eagle-2.png"; sourceTree = "<group>"; };
		827097981DB1ED9A00A624EA /* egg-1.png */ = {isa = PBXFileReference; lastKnownFileType = image.png; path = "egg-1.png"; sourceTree = "<group>"; };
		827097991DB1ED9A00A624EA /* egg-2.png */ = {isa = PBXFileReference; lastKnownFileType = image.png; path = "egg-2.png"; sourceTree = "<group>"; };
		8270979A1DB1ED9A00A624EA /* eagle_back1.png */ = {isa = PBXFileReference; lastKnownFileType = image.png; path = eagle_back1.png; sourceTree = "<group>"; };
		8270979B1DB1ED9A00A624EA /* eagle_back2.png */ = {isa = PBXFileReference; lastKnownFileType = image.png; path = eagle_back2.png; sourceTree = "<group>"; };
		827097A31DB200AA00A624EA /* FireBaseManager.h */ = {isa = PBXFileReference; fileEncoding = 4; lastKnownFileType = sourcecode.c.h; name = FireBaseManager.h; path = CuckooChicken/FireBaseManager.h; sourceTree = "<group>"; };
		827097A41DB200AA00A624EA /* FireBaseManager.m */ = {isa = PBXFileReference; fileEncoding = 4; lastKnownFileType = sourcecode.c.objc; name = FireBaseManager.m; path = CuckooChicken/FireBaseManager.m; sourceTree = "<group>"; };
		827097A61DB2277600A624EA /* MatchPlayersViewController.h */ = {isa = PBXFileReference; fileEncoding = 4; lastKnownFileType = sourcecode.c.h; path = MatchPlayersViewController.h; sourceTree = "<group>"; };
		827097A71DB2277600A624EA /* MatchPlayersViewController.m */ = {isa = PBXFileReference; fileEncoding = 4; lastKnownFileType = sourcecode.c.objc; path = MatchPlayersViewController.m; sourceTree = "<group>"; };
		8287EAFB1DC9F25900EE0DB7 /* MainCity.sks */ = {isa = PBXFileReference; lastKnownFileType = file.sks; path = MainCity.sks; sourceTree = "<group>"; };
		8287EAFD1DC9F2A900EE0DB7 /* MainCity.h */ = {isa = PBXFileReference; fileEncoding = 4; lastKnownFileType = sourcecode.c.h; path = MainCity.h; sourceTree = "<group>"; };
		8287EAFE1DC9F2A900EE0DB7 /* MainCity.m */ = {isa = PBXFileReference; fileEncoding = 4; lastKnownFileType = sourcecode.c.objc; path = MainCity.m; sourceTree = "<group>"; };
		82B2E1F01DCC9AED0080A46D /* FriendTableViewController.h */ = {isa = PBXFileReference; fileEncoding = 4; lastKnownFileType = sourcecode.c.h; path = FriendTableViewController.h; sourceTree = "<group>"; };
		82B2E1F11DCC9AED0080A46D /* FriendTableViewController.m */ = {isa = PBXFileReference; fileEncoding = 4; lastKnownFileType = sourcecode.c.objc; path = FriendTableViewController.m; sourceTree = "<group>"; };
		82B9E12C1D86CE4000A1CA30 /* CuckooChicken.app */ = {isa = PBXFileReference; explicitFileType = wrapper.application; includeInIndex = 0; path = CuckooChicken.app; sourceTree = BUILT_PRODUCTS_DIR; };
		82B9E1301D86CE4000A1CA30 /* main.m */ = {isa = PBXFileReference; lastKnownFileType = sourcecode.c.objc; path = main.m; sourceTree = "<group>"; };
		82B9E1321D86CE4000A1CA30 /* AppDelegate.h */ = {isa = PBXFileReference; lastKnownFileType = sourcecode.c.h; path = AppDelegate.h; sourceTree = "<group>"; };
		82B9E1331D86CE4000A1CA30 /* AppDelegate.m */ = {isa = PBXFileReference; lastKnownFileType = sourcecode.c.objc; path = AppDelegate.m; sourceTree = "<group>"; };
		82B9E1351D86CE4000A1CA30 /* GameScene.h */ = {isa = PBXFileReference; lastKnownFileType = sourcecode.c.h; path = GameScene.h; sourceTree = "<group>"; };
		82B9E1361D86CE4000A1CA30 /* GameScene.m */ = {isa = PBXFileReference; lastKnownFileType = sourcecode.c.objc; path = GameScene.m; sourceTree = "<group>"; };
		82B9E1381D86CE4000A1CA30 /* GameScene.sks */ = {isa = PBXFileReference; lastKnownFileType = file.sks; path = GameScene.sks; sourceTree = "<group>"; };
		82B9E13A1D86CE4000A1CA30 /* GameViewController.h */ = {isa = PBXFileReference; lastKnownFileType = sourcecode.c.h; path = GameViewController.h; sourceTree = "<group>"; };
		82B9E13B1D86CE4000A1CA30 /* GameViewController.m */ = {isa = PBXFileReference; lastKnownFileType = sourcecode.c.objc; path = GameViewController.m; sourceTree = "<group>"; };
		82B9E13E1D86CE4000A1CA30 /* Base */ = {isa = PBXFileReference; lastKnownFileType = file.storyboard; name = Base; path = Base.lproj/Main.storyboard; sourceTree = "<group>"; };
		82B9E1431D86CE4000A1CA30 /* Base */ = {isa = PBXFileReference; lastKnownFileType = file.storyboard; name = Base; path = Base.lproj/LaunchScreen.storyboard; sourceTree = "<group>"; };
		82B9E1451D86CE4000A1CA30 /* Info.plist */ = {isa = PBXFileReference; lastKnownFileType = text.plist.xml; path = Info.plist; sourceTree = "<group>"; };
		82B9E1511D86CFCD00A1CA30 /* ViewController.h */ = {isa = PBXFileReference; fileEncoding = 4; lastKnownFileType = sourcecode.c.h; path = ViewController.h; sourceTree = "<group>"; };
		82B9E1521D86CFCD00A1CA30 /* ViewController.m */ = {isa = PBXFileReference; fileEncoding = 4; lastKnownFileType = sourcecode.c.objc; path = ViewController.m; sourceTree = "<group>"; };
		82C11AC91DC8B08900BBC854 /* heart.png */ = {isa = PBXFileReference; lastKnownFileType = image.png; path = heart.png; sourceTree = "<group>"; };
		82C552DA1DD07FE500E7F325 /* FriendMatchManager.h */ = {isa = PBXFileReference; fileEncoding = 4; lastKnownFileType = sourcecode.c.h; name = FriendMatchManager.h; path = CuckooChicken/FriendMatchManager.h; sourceTree = "<group>"; };
		82C552DB1DD07FE500E7F325 /* FriendMatchManager.m */ = {isa = PBXFileReference; fileEncoding = 4; lastKnownFileType = sourcecode.c.objc; name = FriendMatchManager.m; path = CuckooChicken/FriendMatchManager.m; sourceTree = "<group>"; };
		82DBFF371DC46C5800E4647C /* GameKit.framework */ = {isa = PBXFileReference; lastKnownFileType = wrapper.framework; name = GameKit.framework; path = System/Library/Frameworks/GameKit.framework; sourceTree = SDKROOT; };
		897BFD7655E4E09520B6811D /* Pods_CuckooChicken.framework */ = {isa = PBXFileReference; explicitFileType = wrapper.framework; includeInIndex = 0; path = Pods_CuckooChicken.framework; sourceTree = BUILT_PRODUCTS_DIR; };
		E105D0441DEFCF89006F3C1C /* character_2 copy.png */ = {isa = PBXFileReference; lastKnownFileType = image.png; path = "character_2 copy.png"; sourceTree = "<group>"; };
		E105D0461DEFD0C4006F3C1C /* GameCenter.png */ = {isa = PBXFileReference; lastKnownFileType = image.png; path = GameCenter.png; sourceTree = "<group>"; };
		E105D0471DEFD0C4006F3C1C /* 找朋友.png */ = {isa = PBXFileReference; lastKnownFileType = image.png; path = "找朋友.png"; sourceTree = "<group>"; };
		E105D04A1DEFD231006F3C1C /* viewImage.png */ = {isa = PBXFileReference; lastKnownFileType = image.png; path = viewImage.png; sourceTree = "<group>"; };
		E105D0641DF018AA006F3C1C /* FriendCellRow.png */ = {isa = PBXFileReference; lastKnownFileType = image.png; path = FriendCellRow.png; sourceTree = "<group>"; };
		E105D0661DF04464006F3C1C /* Assets.xcassets */ = {isa = PBXFileReference; lastKnownFileType = folder.assetcatalog; path = Assets.xcassets; sourceTree = "<group>"; };
		E105D0681DF05339006F3C1C /* Text_1.png */ = {isa = PBXFileReference; lastKnownFileType = image.png; path = Text_1.png; sourceTree = "<group>"; };
		E11972731D914FAC00B0AB77 /* SignInViewController.h */ = {isa = PBXFileReference; fileEncoding = 4; lastKnownFileType = sourcecode.c.h; path = SignInViewController.h; sourceTree = "<group>"; };
		E11972741D914FAC00B0AB77 /* SignInViewController.m */ = {isa = PBXFileReference; fileEncoding = 4; lastKnownFileType = sourcecode.c.objc; path = SignInViewController.m; sourceTree = "<group>"; };
		E11972791D91511200B0AB77 /* RegisteredViewController.h */ = {isa = PBXFileReference; fileEncoding = 4; lastKnownFileType = sourcecode.c.h; path = RegisteredViewController.h; sourceTree = "<group>"; };
		E119727A1D91511200B0AB77 /* RegisteredViewController.m */ = {isa = PBXFileReference; fileEncoding = 4; lastKnownFileType = sourcecode.c.objc; path = RegisteredViewController.m; sourceTree = "<group>"; };
		E16CE2BD1DB8EFE90091ABEF /* AppState.h */ = {isa = PBXFileReference; fileEncoding = 4; lastKnownFileType = sourcecode.c.h; name = AppState.h; path = CuckooChicken/AppState.h; sourceTree = "<group>"; };
		E16CE2BE1DB8EFE90091ABEF /* AppState.m */ = {isa = PBXFileReference; fileEncoding = 4; lastKnownFileType = sourcecode.c.objc; name = AppState.m; path = CuckooChicken/AppState.m; sourceTree = "<group>"; };
		E16CE2C01DB8F00F0091ABEF /* Constants.h */ = {isa = PBXFileReference; fileEncoding = 4; lastKnownFileType = sourcecode.c.h; name = Constants.h; path = CuckooChicken/Constants.h; sourceTree = "<group>"; };
		E16CE2C11DB8F00F0091ABEF /* Constants.m */ = {isa = PBXFileReference; fileEncoding = 4; lastKnownFileType = sourcecode.c.objc; name = Constants.m; path = CuckooChicken/Constants.m; sourceTree = "<group>"; };
		E16CE2C31DB8F0B00091ABEF /* CuckooChicken.entitlements */ = {isa = PBXFileReference; lastKnownFileType = text.plist.entitlements; path = CuckooChicken.entitlements; sourceTree = "<group>"; };
		E16CE2C41DB8F0EA0091ABEF /* MeasurementHelper.h */ = {isa = PBXFileReference; fileEncoding = 4; lastKnownFileType = sourcecode.c.h; name = MeasurementHelper.h; path = CuckooChicken/MeasurementHelper.h; sourceTree = "<group>"; };
		E16CE2C51DB8F0EA0091ABEF /* MeasurementHelper.m */ = {isa = PBXFileReference; fileEncoding = 4; lastKnownFileType = sourcecode.c.objc; name = MeasurementHelper.m; path = CuckooChicken/MeasurementHelper.m; sourceTree = "<group>"; };
		E1E77E191DF9338400C3AA67 /* Group 13.png */ = {isa = PBXFileReference; lastKnownFileType = image.png; path = "Group 13.png"; sourceTree = "<group>"; };
		E1F033121DF43BEB00C954AD /* Group2.png */ = {isa = PBXFileReference; lastKnownFileType = image.png; path = Group2.png; sourceTree = "<group>"; };
		E1F033161DF4691F00C954AD /* 招喚02.png */ = {isa = PBXFileReference; lastKnownFileType = image.png; path = "招喚02.png"; sourceTree = "<group>"; };
		E9379C843B6FD66F0E3CC2DA /* Pods-CuckooChicken.release.xcconfig */ = {isa = PBXFileReference; includeInIndex = 1; lastKnownFileType = text.xcconfig; name = "Pods-CuckooChicken.release.xcconfig"; path = "Pods/Target Support Files/Pods-CuckooChicken/Pods-CuckooChicken.release.xcconfig"; sourceTree = "<group>"; };
/* End PBXFileReference section */

/* Begin PBXFrameworksBuildPhase section */
		82B9E1291D86CE4000A1CA30 /* Frameworks */ = {
			isa = PBXFrameworksBuildPhase;
			buildActionMask = 2147483647;
			files = (
				823EF95A1DD353F700300497 /* AVFoundation.framework in Frameworks */,
				1B8FBC1247055B6CF0A1E290 /* Pods_CuckooChicken.framework in Frameworks */,
				0203B1751DBE1C27009DEE71 /* FBSDKCoreKit.framework in Frameworks */,
				0203B1771DBE1C27009DEE71 /* FBSDKShareKit.framework in Frameworks */,
				82DBFF381DC46C5800E4647C /* GameKit.framework in Frameworks */,
				0203B1761DBE1C27009DEE71 /* FBSDKLoginKit.framework in Frameworks */,
				0203B1741DBE1C27009DEE71 /* Bolts.framework in Frameworks */,
			);
			runOnlyForDeploymentPostprocessing = 0;
		};
/* End PBXFrameworksBuildPhase section */

/* Begin PBXGroup section */
		0203B1781DBE1F46009DEE71 /* LoadingImage */ = {
			isa = PBXGroup;
			children = (
				026FDDD01DBF58840078B703 /* Button_7.png */,
				026FDDCE1DBF57160078B703 /* Button_6.png */,
				E105D04A1DEFD231006F3C1C /* viewImage.png */,
				026FDDC61DBF50670078B703 /* Button_1.png */,
				026FDDC81DBF53390078B703 /* Button_2.png */,
				026FDDC91DBF53390078B703 /* Button_3.png */,
				026FDDCA1DBF53390078B703 /* Button_4.png */,
				0203B1AB1DBE2FD6009DEE71 /* backimage.png */,
				0203B1811DBE1F7F009DEE71 /* Background.png */,
				0203B18D1DBE1F8C009DEE71 /* Loading_1.png */,
				0203B18E1DBE1F8C009DEE71 /* Loading_2.png */,
				0203B18F1DBE1F8C009DEE71 /* Loading_3.png */,
				0203B1901DBE1F8C009DEE71 /* Loading_4.png */,
				0203B1911DBE1F8C009DEE71 /* Loading_5.png */,
				0203B1921DBE1F8C009DEE71 /* Loading_6.png */,
				0203B1931DBE1F8C009DEE71 /* Loading_7.png */,
				0203B1941DBE1F8C009DEE71 /* Loading_8.png */,
				0203B1951DBE1F8C009DEE71 /* Loading_9.png */,
				0203B1961DBE1F8C009DEE71 /* Loading_10.png */,
				0203B1971DBE1F8C009DEE71 /* Loading_11.png */,
				0203B1981DBE1F8C009DEE71 /* turnBackground_1.png */,
				0203B1821DBE1F7F009DEE71 /* character_1.png */,
				0203B1831DBE1F7F009DEE71 /* character_2.png */,
				0203B1841DBE1F7F009DEE71 /* character_3.png */,
				0203B1851DBE1F7F009DEE71 /* character_4.png */,
				0203B1861DBE1F7F009DEE71 /* character_5.png */,
				0203B1791DBE1F68009DEE71 /* turn_1.png */,
				0203B17A1DBE1F68009DEE71 /* turn_2.png */,
			);
			name = LoadingImage;
			sourceTree = "<group>";
		};
		023088C61DB36BE30037180E /* GameBackground */ = {
			isa = PBXGroup;
			children = (
				E1E77E191DF9338400C3AA67 /* Group 13.png */,
				820720B71DC8C1D5005D47A5 /* GameOverImage */,
				0203B1781DBE1F46009DEE71 /* LoadingImage */,
				827097921DB1EB8800A624EA /* GameObject */,
				023088EE1DB3707A0037180E /* Skill */,
				023088C91DB36D060037180E /* CellBackgroundImage */,
				023088C81DB36CBF0037180E /* headImage */,
				023088C71DB36CAD0037180E /* BackgroundImage */,
			);
			name = GameBackground;
			path = CuckooChicken;
			sourceTree = "<group>";
		};
		023088C71DB36CAD0037180E /* BackgroundImage */ = {
			isa = PBXGroup;
			children = (
				823EF9561DD34E2700300497 /* UI_MainCityBar.png */,
				026FDDC21DBF44460078B703 /* viewImage_2.png */,
				023088D71DB36E580037180E /* Optionview.png */,
				822635A61DBF40660065E3CE /* GameBackground_loop.png */,
			);
			name = BackgroundImage;
			sourceTree = "<group>";
		};
		023088C81DB36CBF0037180E /* headImage */ = {
			isa = PBXGroup;
			children = (
				023088CA1DB36D4C0037180E /* 招喚01.png */,
				E1F033161DF4691F00C954AD /* 招喚02.png */,
				023088CB1DB36D4C0037180E /* 螢幕快照 2016-10-13 20.19.35.png */,
				023088CC1DB36D4C0037180E /* 螢幕快照 2016-10-13 20.20.55.png */,
				023088CD1DB36D4C0037180E /* 螢幕快照 2016-10-13 20.20.32.png */,
			);
			name = headImage;
			sourceTree = "<group>";
		};
		023088C91DB36D060037180E /* CellBackgroundImage */ = {
			isa = PBXGroup;
			children = (
				E1F033121DF43BEB00C954AD /* Group2.png */,
				023088D21DB36E000037180E /* Group_01.png */,
			);
			name = CellBackgroundImage;
			sourceTree = "<group>";
		};
		023088EE1DB3707A0037180E /* Skill */ = {
			isa = PBXGroup;
			children = (
				023088EF1DB370A80037180E /* 牧師兵區域治療.png */,
				023088F01DB370A80037180E /* 魔法兵激光.png */,
				023088F11DB370A80037180E /* 盾兵技能.png */,
				023088F21DB370A80037180E /* 盜賊兵技能轉換.png */,
				023088F31DB370A80037180E /* 弓箭兵自動生成.png */,
			);
			name = Skill;
			sourceTree = "<group>";
		};
		31C6D386EDD182D38C4651AA /* Pods */ = {
			isa = PBXGroup;
			children = (
				5FD10F49BA2EF5B0B84AD9D3 /* Pods-CuckooChicken.debug.xcconfig */,
				E9379C843B6FD66F0E3CC2DA /* Pods-CuckooChicken.release.xcconfig */,
			);
			name = Pods;
			sourceTree = "<group>";
		};
		7030CA1CE3166D9D15E4BA4F /* Frameworks */ = {
			isa = PBXGroup;
			children = (
				823EF9591DD353F700300497 /* AVFoundation.framework */,
				82DBFF371DC46C5800E4647C /* GameKit.framework */,
				0203B1701DBE1C26009DEE71 /* Bolts.framework */,
				0203B1711DBE1C26009DEE71 /* FBSDKCoreKit.framework */,
				0203B1721DBE1C26009DEE71 /* FBSDKLoginKit.framework */,
				0203B1731DBE1C26009DEE71 /* FBSDKShareKit.framework */,
				897BFD7655E4E09520B6811D /* Pods_CuckooChicken.framework */,
			);
			name = Frameworks;
			sourceTree = "<group>";
		};
		820720B71DC8C1D5005D47A5 /* GameOverImage */ = {
			isa = PBXGroup;
			children = (
				820720B81DC8C1F1005D47A5 /* GameOverBackground.png */,
				820720BA1DC8C1FB005D47A5 /* Fail.png */,
				820720BB1DC8C1FB005D47A5 /* Win.png */,
				820720BE1DC8C57B005D47A5 /* Button_new.png */,
			);
			name = GameOverImage;
			sourceTree = "<group>";
		};
		823C08BD1DBF29D60046E94A /* UI */ = {
			isa = PBXGroup;
			children = (
				823C08BE1DBF29F00046E94A /* UI_blood.png */,
			);
			name = UI;
			sourceTree = "<group>";
		};
		823EF9581DD350E800300497 /* Music */ = {
			isa = PBXGroup;
			children = (
				823EF95B1DD354AE00300497 /* MainCity.mp3 */,
				823EF9601DD35CED00300497 /* Fire.mp3 */,
			);
			name = Music;
			path = ..;
			sourceTree = "<group>";
		};
		826D73341DC7541600EE5242 /* GameScene */ = {
			isa = PBXGroup;
			children = (
				82B9E1351D86CE4000A1CA30 /* GameScene.h */,
				82B9E1361D86CE4000A1CA30 /* GameScene.m */,
				82B9E1381D86CE4000A1CA30 /* GameScene.sks */,
				82B9E13A1D86CE4000A1CA30 /* GameViewController.h */,
				82B9E13B1D86CE4000A1CA30 /* GameViewController.m */,
				8287EAFB1DC9F25900EE0DB7 /* MainCity.sks */,
				E105D0441DEFCF89006F3C1C /* character_2 copy.png */,
				E105D0461DEFD0C4006F3C1C /* GameCenter.png */,
				E105D0641DF018AA006F3C1C /* FriendCellRow.png */,
				E105D0471DEFD0C4006F3C1C /* 找朋友.png */,
				8287EAFD1DC9F2A900EE0DB7 /* MainCity.h */,
				8287EAFE1DC9F2A900EE0DB7 /* MainCity.m */,
			);
			name = GameScene;
			sourceTree = "<group>";
		};
		827097921DB1EB8800A624EA /* GameObject */ = {
			isa = PBXGroup;
			children = (
				827097931DB1EBE300A624EA /* Player.h */,
				827097941DB1EBE300A624EA /* Player.m */,
				822635C81DC08AC60065E3CE /* Monster.h */,
				822635C91DC08AC60065E3CE /* Monster.m */,
				823C08BD1DBF29D60046E94A /* UI */,
				827097A21DB1EDA200A624EA /* image */,
			);
			name = GameObject;
			sourceTree = "<group>";
		};
		827097A21DB1EDA200A624EA /* image */ = {
			isa = PBXGroup;
			children = (
				826D73431DC75F2E00EE5242 /* Priest1.png */,
				826D73441DC75F2E00EE5242 /* Priest2.png */,
				826D733F1DC75E9600EE5242 /* Magician1.png */,
				826D73401DC75E9600EE5242 /* Magician2.png */,
				826D733B1DC75DDD00EE5242 /* shield1.png */,
				826D733C1DC75DDD00EE5242 /* shield2.png */,
				823C08251DBB59A30046E94A /* BulletGalaga.png */,
				827097961DB1ED9A00A624EA /* eagle-1.png */,
				827097971DB1ED9A00A624EA /* eagle-2.png */,
				827097981DB1ED9A00A624EA /* egg-1.png */,
				827097991DB1ED9A00A624EA /* egg-2.png */,
				8270979A1DB1ED9A00A624EA /* eagle_back1.png */,
				8270979B1DB1ED9A00A624EA /* eagle_back2.png */,
				822635C61DC0821F0065E3CE /* CallMonsterBar.png */,
				826D73351DC75A9300EE5242 /* pirate1.png */,
				826D73391DC75CF900EE5242 /* pirate2.png */,
				E105D0681DF05339006F3C1C /* Text_1.png */,
				82C11AC91DC8B08900BBC854 /* heart.png */,
			);
			name = image;
			sourceTree = "<group>";
		};
		82B9E1231D86CE4000A1CA30 = {
			isa = PBXGroup;
			children = (
				82B9E12E1D86CE4000A1CA30 /* CuckooChicken */,
				82B9E12D1D86CE4000A1CA30 /* Products */,
				31C6D386EDD182D38C4651AA /* Pods */,
				7030CA1CE3166D9D15E4BA4F /* Frameworks */,
			);
			sourceTree = "<group>";
		};
		82B9E12D1D86CE4000A1CA30 /* Products */ = {
			isa = PBXGroup;
			children = (
				82B9E12C1D86CE4000A1CA30 /* CuckooChicken.app */,
			);
			name = Products;
			sourceTree = "<group>";
		};
		82B9E12E1D86CE4000A1CA30 /* CuckooChicken */ = {
			isa = PBXGroup;
			children = (
				82B9E1321D86CE4000A1CA30 /* AppDelegate.h */,
				82B9E1331D86CE4000A1CA30 /* AppDelegate.m */,
				826D73341DC7541600EE5242 /* GameScene */,
				823EF9581DD350E800300497 /* Music */,
				E119F18A1DBBC34C00EA023A /* Model */,
				E119F18B1DBBC3FC00EA023A /* Image */,
				E16CE2C31DB8F0B00091ABEF /* CuckooChicken.entitlements */,
				827097A61DB2277600A624EA /* MatchPlayersViewController.h */,
				827097A71DB2277600A624EA /* MatchPlayersViewController.m */,
				82B9E1511D86CFCD00A1CA30 /* ViewController.h */,
				82B9E1521D86CFCD00A1CA30 /* ViewController.m */,
				820720B41DC8B36C005D47A5 /* StartGameViewController.h */,
				820720B51DC8B36C005D47A5 /* StartGameViewController.m */,
				82B9E13D1D86CE4000A1CA30 /* Main.storyboard */,
				E11972731D914FAC00B0AB77 /* SignInViewController.h */,
				E11972741D914FAC00B0AB77 /* SignInViewController.m */,
				E11972791D91511200B0AB77 /* RegisteredViewController.h */,
				E119727A1D91511200B0AB77 /* RegisteredViewController.m */,
				82B2E1F01DCC9AED0080A46D /* FriendTableViewController.h */,
				82B2E1F11DCC9AED0080A46D /* FriendTableViewController.m */,
				E105D0661DF04464006F3C1C /* Assets.xcassets */,
				82B9E1421D86CE4000A1CA30 /* LaunchScreen.storyboard */,
				82B9E1451D86CE4000A1CA30 /* Info.plist */,
				826D73321DC7538800EE5242 /* GoogleService-Info.plist */,
			);
			path = CuckooChicken;
			sourceTree = "<group>";
		};
		82B9E12F1D86CE4000A1CA30 /* Supporting Files */ = {
			isa = PBXGroup;
			children = (
				82B9E1301D86CE4000A1CA30 /* main.m */,
			);
			name = "Supporting Files";
			path = CuckooChicken;
			sourceTree = "<group>";
		};
		E119F18A1DBBC34C00EA023A /* Model */ = {
			isa = PBXGroup;
			children = (
				820720C11DC8C9EB005D47A5 /* SpriteKitButton.swift */,
				E16CE2BD1DB8EFE90091ABEF /* AppState.h */,
				E16CE2BE1DB8EFE90091ABEF /* AppState.m */,
				E16CE2C01DB8F00F0091ABEF /* Constants.h */,
				E16CE2C11DB8F00F0091ABEF /* Constants.m */,
				E16CE2C41DB8F0EA0091ABEF /* MeasurementHelper.h */,
				E16CE2C51DB8F0EA0091ABEF /* MeasurementHelper.m */,
				826D732F1DC752CB00EE5242 /* GameCenterManager.h */,
				826D73301DC752CB00EE5242 /* GameCenterManager.m */,
				827097A31DB200AA00A624EA /* FireBaseManager.h */,
				827097A41DB200AA00A624EA /* FireBaseManager.m */,
				824284151DCA2AA90006AAC0 /* MatchManager.h */,
				824284161DCA2AA90006AAC0 /* MatchManager.m */,
				82C552DA1DD07FE500E7F325 /* FriendMatchManager.h */,
				82C552DB1DD07FE500E7F325 /* FriendMatchManager.m */,
				823EF95D1DD358F300300497 /* AudioManager.h */,
				823EF95E1DD358F300300497 /* AudioManager.m */,
				820720C01DC8C9EA005D47A5 /* CuckooChicken-Bridging-Header.h */,
			);
			name = Model;
			path = ..;
			sourceTree = "<group>";
		};
		E119F18B1DBBC3FC00EA023A /* Image */ = {
			isa = PBXGroup;
			children = (
				82B9E12F1D86CE4000A1CA30 /* Supporting Files */,
				023088C61DB36BE30037180E /* GameBackground */,
			);
			name = Image;
			path = ..;
			sourceTree = "<group>";
		};
/* End PBXGroup section */

/* Begin PBXNativeTarget section */
		82B9E12B1D86CE4000A1CA30 /* CuckooChicken */ = {
			isa = PBXNativeTarget;
			buildConfigurationList = 82B9E1481D86CE4000A1CA30 /* Build configuration list for PBXNativeTarget "CuckooChicken" */;
			buildPhases = (
				BAEC7AF91A232EC82FF91867 /* [CP] Check Pods Manifest.lock */,
				9BB39BB8E35FD027585BEC00 /* [CP] Check Pods Manifest.lock */,
				82B9E1281D86CE4000A1CA30 /* Sources */,
				82B9E1291D86CE4000A1CA30 /* Frameworks */,
				82B9E12A1D86CE4000A1CA30 /* Resources */,
				EDFCB9EC949915143C006563 /* [CP] Embed Pods Frameworks */,
				5C51A6B68E69C4E3478C7FE3 /* [CP] Copy Pods Resources */,
				91CF7905E8BA4354A8BAE4C8 /* 📦 Embed Pods Frameworks */,
				CAE53711594932DB4BE2B324 /* 📦 Copy Pods Resources */,
			);
			buildRules = (
			);
			dependencies = (
			);
			name = CuckooChicken;
			productName = CuckooChicken;
			productReference = 82B9E12C1D86CE4000A1CA30 /* CuckooChicken.app */;
			productType = "com.apple.product-type.application";
		};
/* End PBXNativeTarget section */

/* Begin PBXProject section */
		82B9E1241D86CE4000A1CA30 /* Project object */ = {
			isa = PBXProject;
			attributes = {
				LastUpgradeCheck = 0800;
				ORGANIZATIONNAME = Snow;
				TargetAttributes = {
					82B9E12B1D86CE4000A1CA30 = {
						CreatedOnToolsVersion = 7.3.1;
						DevelopmentTeam = L69ZDBX9QZ;
						LastSwiftMigration = 0800;
						ProvisioningStyle = Automatic;
						SystemCapabilities = {
							com.apple.GameCenter = {
								enabled = 1;
							};
							com.apple.Keychain = {
								enabled = 1;
							};
						};
					};
				};
			};
			buildConfigurationList = 82B9E1271D86CE4000A1CA30 /* Build configuration list for PBXProject "CuckooChicken" */;
			compatibilityVersion = "Xcode 3.2";
			developmentRegion = English;
			hasScannedForEncodings = 0;
			knownRegions = (
				en,
				Base,
			);
			mainGroup = 82B9E1231D86CE4000A1CA30;
			productRefGroup = 82B9E12D1D86CE4000A1CA30 /* Products */;
			projectDirPath = "";
			projectRoot = "";
			targets = (
				82B9E12B1D86CE4000A1CA30 /* CuckooChicken */,
			);
		};
/* End PBXProject section */

/* Begin PBXResourcesBuildPhase section */
		82B9E12A1D86CE4000A1CA30 /* Resources */ = {
			isa = PBXResourcesBuildPhase;
			buildActionMask = 2147483647;
			files = (
				0203B19F1DBE1F8C009DEE71 /* Loading_7.png in Resources */,
				023088F71DB370A80037180E /* 盜賊兵技能轉換.png in Resources */,
				026FDDD11DBF58840078B703 /* Button_7.png in Resources */,
				823C08261DBB59A30046E94A /* BulletGalaga.png in Resources */,
				026FDDCD1DBF53390078B703 /* Button_4.png in Resources */,
				8270979C1DB1ED9A00A624EA /* eagle-1.png in Resources */,
				0203B19C1DBE1F8C009DEE71 /* Loading_4.png in Resources */,
				E1F033171DF4691F00C954AD /* 招喚02.png in Resources */,
				822635A71DBF40660065E3CE /* GameBackground_loop.png in Resources */,
				0203B18A1DBE1F7F009DEE71 /* character_3.png in Resources */,
				820720BF1DC8C57B005D47A5 /* Button_new.png in Resources */,
				E105D04B1DEFD231006F3C1C /* viewImage.png in Resources */,
				82B9E1391D86CE4000A1CA30 /* GameScene.sks in Resources */,
				023088F41DB370A80037180E /* 牧師兵區域治療.png in Resources */,
				820720BD1DC8C1FC005D47A5 /* Win.png in Resources */,
				026FDDC71DBF50670078B703 /* Button_1.png in Resources */,
				82B9E1441D86CE4000A1CA30 /* LaunchScreen.storyboard in Resources */,
				026FDDCF1DBF57160078B703 /* Button_6.png in Resources */,
				0203B19D1DBE1F8C009DEE71 /* Loading_5.png in Resources */,
				826D733E1DC75DDD00EE5242 /* shield2.png in Resources */,
				023088DB1DB36E580037180E /* Optionview.png in Resources */,
				0203B18C1DBE1F7F009DEE71 /* character_5.png in Resources */,
				023088CE1DB36D4C0037180E /* 招喚01.png in Resources */,
				0203B1A01DBE1F8C009DEE71 /* Loading_8.png in Resources */,
				023088F51DB370A80037180E /* 魔法兵激光.png in Resources */,
				023088F61DB370A80037180E /* 盾兵技能.png in Resources */,
				82C11ACA1DC8B08900BBC854 /* heart.png in Resources */,
				0203B19B1DBE1F8C009DEE71 /* Loading_3.png in Resources */,
				E105D0671DF04464006F3C1C /* Assets.xcassets in Resources */,
				0203B17D1DBE1F68009DEE71 /* turn_1.png in Resources */,
				0203B1AD1DBE2FD6009DEE71 /* backimage.png in Resources */,
				0203B19A1DBE1F8C009DEE71 /* Loading_2.png in Resources */,
				E1E77E1A1DF9338400C3AA67 /* Group 13.png in Resources */,
				826D73421DC75E9600EE5242 /* Magician2.png in Resources */,
				8270979D1DB1ED9A00A624EA /* eagle-2.png in Resources */,
				0203B1871DBE1F7F009DEE71 /* Background.png in Resources */,
				0203B1891DBE1F7F009DEE71 /* character_2.png in Resources */,
				026FDDC31DBF44460078B703 /* viewImage_2.png in Resources */,
				0203B17E1DBE1F68009DEE71 /* turn_2.png in Resources */,
				023088D11DB36D4C0037180E /* 螢幕快照 2016-10-13 20.20.32.png in Resources */,
				023088CF1DB36D4C0037180E /* 螢幕快照 2016-10-13 20.19.35.png in Resources */,
				826D73411DC75E9600EE5242 /* Magician1.png in Resources */,
				823EF9611DD35CED00300497 /* Fire.mp3 in Resources */,
				823EF9571DD34E2700300497 /* UI_MainCityBar.png in Resources */,
				8270979F1DB1ED9A00A624EA /* egg-2.png in Resources */,
				826D73371DC75A9300EE5242 /* pirate1.png in Resources */,
				E1F033131DF43BEB00C954AD /* Group2.png in Resources */,
				023088F81DB370A80037180E /* 弓箭兵自動生成.png in Resources */,
				823C08BF1DBF29F00046E94A /* UI_blood.png in Resources */,
				023088D31DB36E000037180E /* Group_01.png in Resources */,
				E105D0691DF05339006F3C1C /* Text_1.png in Resources */,
				820720BC1DC8C1FC005D47A5 /* Fail.png in Resources */,
				023088D01DB36D4C0037180E /* 螢幕快照 2016-10-13 20.20.55.png in Resources */,
				823EF95C1DD354AE00300497 /* MainCity.mp3 in Resources */,
				0203B1881DBE1F7F009DEE71 /* character_1.png in Resources */,
				0203B1A11DBE1F8C009DEE71 /* Loading_9.png in Resources */,
				820720B91DC8C1F1005D47A5 /* GameOverBackground.png in Resources */,
				826D733A1DC75CF900EE5242 /* pirate2.png in Resources */,
				826D73461DC75F2E00EE5242 /* Priest2.png in Resources */,
				822635C71DC0821F0065E3CE /* CallMonsterBar.png in Resources */,
				8270979E1DB1ED9A00A624EA /* egg-1.png in Resources */,
				827097A11DB1ED9A00A624EA /* eagle_back2.png in Resources */,
				026FDDCB1DBF53390078B703 /* Button_2.png in Resources */,
				827097A01DB1ED9A00A624EA /* eagle_back1.png in Resources */,
				E105D0451DEFCF89006F3C1C /* character_2 copy.png in Resources */,
				0203B19E1DBE1F8C009DEE71 /* Loading_6.png in Resources */,
				026FDDCC1DBF53390078B703 /* Button_3.png in Resources */,
				E105D0491DEFD0C4006F3C1C /* 找朋友.png in Resources */,
				E105D0651DF018AA006F3C1C /* FriendCellRow.png in Resources */,
				826D733D1DC75DDD00EE5242 /* shield1.png in Resources */,
				0203B18B1DBE1F7F009DEE71 /* character_4.png in Resources */,
				8287EAFC1DC9F25900EE0DB7 /* MainCity.sks in Resources */,
				0203B1A31DBE1F8C009DEE71 /* Loading_11.png in Resources */,
				0203B1A41DBE1F8C009DEE71 /* turnBackground_1.png in Resources */,
				0203B1991DBE1F8C009DEE71 /* Loading_1.png in Resources */,
				826D73331DC7538800EE5242 /* GoogleService-Info.plist in Resources */,
				E105D0481DEFD0C4006F3C1C /* GameCenter.png in Resources */,
				826D73451DC75F2E00EE5242 /* Priest1.png in Resources */,
				0203B1A21DBE1F8C009DEE71 /* Loading_10.png in Resources */,
				82B9E13F1D86CE4000A1CA30 /* Main.storyboard in Resources */,
			);
			runOnlyForDeploymentPostprocessing = 0;
		};
/* End PBXResourcesBuildPhase section */

/* Begin PBXShellScriptBuildPhase section */
		5C51A6B68E69C4E3478C7FE3 /* [CP] Copy Pods Resources */ = {
			isa = PBXShellScriptBuildPhase;
			buildActionMask = 2147483647;
			files = (
			);
			inputPaths = (
			);
			name = "[CP] Copy Pods Resources";
			outputPaths = (
			);
			runOnlyForDeploymentPostprocessing = 0;
			shellPath = /bin/sh;
			shellScript = "\"${SRCROOT}/Pods/Target Support Files/Pods-CuckooChicken/Pods-CuckooChicken-resources.sh\"\n";
			showEnvVarsInLog = 0;
		};
		91CF7905E8BA4354A8BAE4C8 /* 📦 Embed Pods Frameworks */ = {
			isa = PBXShellScriptBuildPhase;
			buildActionMask = 2147483647;
			files = (
			);
			inputPaths = (
			);
			name = "📦 Embed Pods Frameworks";
			outputPaths = (
			);
			runOnlyForDeploymentPostprocessing = 0;
			shellPath = /bin/sh;
			shellScript = "\"${SRCROOT}/Pods/Target Support Files/Pods-CuckooChicken/Pods-CuckooChicken-frameworks.sh\"\n";
			showEnvVarsInLog = 0;
		};
		9BB39BB8E35FD027585BEC00 /* [CP] Check Pods Manifest.lock */ = {
			isa = PBXShellScriptBuildPhase;
			buildActionMask = 2147483647;
			files = (
			);
			inputPaths = (
			);
			name = "[CP] Check Pods Manifest.lock";
			outputPaths = (
			);
			runOnlyForDeploymentPostprocessing = 0;
			shellPath = /bin/sh;
			shellScript = "diff \"${PODS_ROOT}/../Podfile.lock\" \"${PODS_ROOT}/Manifest.lock\" > /dev/null\nif [[ $? != 0 ]] ; then\n    cat << EOM\nerror: The sandbox is not in sync with the Podfile.lock. Run 'pod install' or update your CocoaPods installation.\nEOM\n    exit 1\nfi\n";
			showEnvVarsInLog = 0;
		};
		BAEC7AF91A232EC82FF91867 /* [CP] Check Pods Manifest.lock */ = {
			isa = PBXShellScriptBuildPhase;
			buildActionMask = 2147483647;
			files = (
			);
			inputPaths = (
			);
			name = "[CP] Check Pods Manifest.lock";
			outputPaths = (
			);
			runOnlyForDeploymentPostprocessing = 0;
			shellPath = /bin/sh;
			shellScript = "diff \"${PODS_ROOT}/../Podfile.lock\" \"${PODS_ROOT}/Manifest.lock\" > /dev/null\nif [[ $? != 0 ]] ; then\n    cat << EOM\nerror: The sandbox is not in sync with the Podfile.lock. Run 'pod install' or update your CocoaPods installation.\nEOM\n    exit 1\nfi\n";
			showEnvVarsInLog = 0;
		};
		CAE53711594932DB4BE2B324 /* 📦 Copy Pods Resources */ = {
			isa = PBXShellScriptBuildPhase;
			buildActionMask = 2147483647;
			files = (
			);
			inputPaths = (
			);
			name = "📦 Copy Pods Resources";
			outputPaths = (
			);
			runOnlyForDeploymentPostprocessing = 0;
			shellPath = /bin/sh;
			shellScript = "\"${SRCROOT}/Pods/Target Support Files/Pods-CuckooChicken/Pods-CuckooChicken-resources.sh\"\n";
			showEnvVarsInLog = 0;
		};
		EDFCB9EC949915143C006563 /* [CP] Embed Pods Frameworks */ = {
			isa = PBXShellScriptBuildPhase;
			buildActionMask = 2147483647;
			files = (
			);
			inputPaths = (
			);
			name = "[CP] Embed Pods Frameworks";
			outputPaths = (
			);
			runOnlyForDeploymentPostprocessing = 0;
			shellPath = /bin/sh;
			shellScript = "\"${SRCROOT}/Pods/Target Support Files/Pods-CuckooChicken/Pods-CuckooChicken-frameworks.sh\"\n";
			showEnvVarsInLog = 0;
		};
/* End PBXShellScriptBuildPhase section */

/* Begin PBXSourcesBuildPhase section */
		82B9E1281D86CE4000A1CA30 /* Sources */ = {
			isa = PBXSourcesBuildPhase;
			buildActionMask = 2147483647;
			files = (
				827097951DB1EBE300A624EA /* Player.m in Sources */,
				82B9E13C1D86CE4000A1CA30 /* GameViewController.m in Sources */,
				820720C21DC8C9EB005D47A5 /* SpriteKitButton.swift in Sources */,
				E16CE2C61DB8F0EA0091ABEF /* MeasurementHelper.m in Sources */,
				E119727B1D91511200B0AB77 /* RegisteredViewController.m in Sources */,
				824284171DCA2AA90006AAC0 /* MatchManager.m in Sources */,
				822635CA1DC08AC60065E3CE /* Monster.m in Sources */,
				82B9E1341D86CE4000A1CA30 /* AppDelegate.m in Sources */,
				827097A51DB200AA00A624EA /* FireBaseManager.m in Sources */,
				823EF95F1DD358F300300497 /* AudioManager.m in Sources */,
				82B9E1371D86CE4000A1CA30 /* GameScene.m in Sources */,
				E16CE2C21DB8F00F0091ABEF /* Constants.m in Sources */,
				E16CE2BF1DB8EFE90091ABEF /* AppState.m in Sources */,
				82B9E1311D86CE4000A1CA30 /* main.m in Sources */,
				820720B61DC8B36C005D47A5 /* StartGameViewController.m in Sources */,
				826D73311DC752CB00EE5242 /* GameCenterManager.m in Sources */,
				E11972751D914FAC00B0AB77 /* SignInViewController.m in Sources */,
				82B9E1531D86CFCD00A1CA30 /* ViewController.m in Sources */,
				82B2E1F21DCC9AED0080A46D /* FriendTableViewController.m in Sources */,
				82C552DC1DD07FE500E7F325 /* FriendMatchManager.m in Sources */,
				827097A81DB2277600A624EA /* MatchPlayersViewController.m in Sources */,
				8287EAFF1DC9F2A900EE0DB7 /* MainCity.m in Sources */,
			);
			runOnlyForDeploymentPostprocessing = 0;
		};
/* End PBXSourcesBuildPhase section */

/* Begin PBXVariantGroup section */
		82B9E13D1D86CE4000A1CA30 /* Main.storyboard */ = {
			isa = PBXVariantGroup;
			children = (
				82B9E13E1D86CE4000A1CA30 /* Base */,
			);
			name = Main.storyboard;
			sourceTree = "<group>";
		};
		82B9E1421D86CE4000A1CA30 /* LaunchScreen.storyboard */ = {
			isa = PBXVariantGroup;
			children = (
				82B9E1431D86CE4000A1CA30 /* Base */,
			);
			name = LaunchScreen.storyboard;
			sourceTree = "<group>";
		};
/* End PBXVariantGroup section */

/* Begin XCBuildConfiguration section */
		82B9E1461D86CE4000A1CA30 /* Debug */ = {
			isa = XCBuildConfiguration;
			buildSettings = {
				ALWAYS_SEARCH_USER_PATHS = NO;
				CLANG_ANALYZER_NONNULL = YES;
				CLANG_CXX_LANGUAGE_STANDARD = "gnu++0x";
				CLANG_CXX_LIBRARY = "libc++";
				CLANG_ENABLE_MODULES = YES;
				CLANG_ENABLE_OBJC_ARC = YES;
				CLANG_WARN_BOOL_CONVERSION = YES;
				CLANG_WARN_CONSTANT_CONVERSION = YES;
				CLANG_WARN_DIRECT_OBJC_ISA_USAGE = YES_ERROR;
				CLANG_WARN_EMPTY_BODY = YES;
				CLANG_WARN_ENUM_CONVERSION = YES;
				CLANG_WARN_INFINITE_RECURSION = YES;
				CLANG_WARN_INT_CONVERSION = YES;
				CLANG_WARN_OBJC_ROOT_CLASS = YES_ERROR;
				CLANG_WARN_SUSPICIOUS_MOVE = YES;
				CLANG_WARN_UNREACHABLE_CODE = YES;
				CLANG_WARN__DUPLICATE_METHOD_MATCH = YES;
				"CODE_SIGN_IDENTITY[sdk=iphoneos*]" = "iPhone Developer";
				COPY_PHASE_STRIP = NO;
				DEBUG_INFORMATION_FORMAT = "dwarf-with-dsym";
				ENABLE_STRICT_OBJC_MSGSEND = YES;
				ENABLE_TESTABILITY = YES;
				GCC_C_LANGUAGE_STANDARD = gnu99;
				GCC_DYNAMIC_NO_PIC = NO;
				GCC_NO_COMMON_BLOCKS = YES;
				GCC_OPTIMIZATION_LEVEL = 0;
				GCC_PREPROCESSOR_DEFINITIONS = (
					"DEBUG=1",
					"$(inherited)",
				);
				GCC_WARN_64_TO_32_BIT_CONVERSION = YES;
				GCC_WARN_ABOUT_RETURN_TYPE = YES_ERROR;
				GCC_WARN_UNDECLARED_SELECTOR = YES;
				GCC_WARN_UNINITIALIZED_AUTOS = YES_AGGRESSIVE;
				GCC_WARN_UNUSED_FUNCTION = YES;
				GCC_WARN_UNUSED_VARIABLE = YES;
				IPHONEOS_DEPLOYMENT_TARGET = 9.0;
				MTL_ENABLE_DEBUG_INFO = YES;
				ONLY_ACTIVE_ARCH = YES;
				SDKROOT = iphoneos;
				TARGETED_DEVICE_FAMILY = "1,2";
			};
			name = Debug;
		};
		82B9E1471D86CE4000A1CA30 /* Release */ = {
			isa = XCBuildConfiguration;
			buildSettings = {
				ALWAYS_SEARCH_USER_PATHS = NO;
				CLANG_ANALYZER_NONNULL = YES;
				CLANG_CXX_LANGUAGE_STANDARD = "gnu++0x";
				CLANG_CXX_LIBRARY = "libc++";
				CLANG_ENABLE_MODULES = YES;
				CLANG_ENABLE_OBJC_ARC = YES;
				CLANG_WARN_BOOL_CONVERSION = YES;
				CLANG_WARN_CONSTANT_CONVERSION = YES;
				CLANG_WARN_DIRECT_OBJC_ISA_USAGE = YES_ERROR;
				CLANG_WARN_EMPTY_BODY = YES;
				CLANG_WARN_ENUM_CONVERSION = YES;
				CLANG_WARN_INFINITE_RECURSION = YES;
				CLANG_WARN_INT_CONVERSION = YES;
				CLANG_WARN_OBJC_ROOT_CLASS = YES_ERROR;
				CLANG_WARN_SUSPICIOUS_MOVE = YES;
				CLANG_WARN_UNREACHABLE_CODE = YES;
				CLANG_WARN__DUPLICATE_METHOD_MATCH = YES;
				"CODE_SIGN_IDENTITY[sdk=iphoneos*]" = "iPhone Developer";
				COPY_PHASE_STRIP = NO;
				DEBUG_INFORMATION_FORMAT = "dwarf-with-dsym";
				ENABLE_NS_ASSERTIONS = NO;
				ENABLE_STRICT_OBJC_MSGSEND = YES;
				GCC_C_LANGUAGE_STANDARD = gnu99;
				GCC_NO_COMMON_BLOCKS = YES;
				GCC_WARN_64_TO_32_BIT_CONVERSION = YES;
				GCC_WARN_ABOUT_RETURN_TYPE = YES_ERROR;
				GCC_WARN_UNDECLARED_SELECTOR = YES;
				GCC_WARN_UNINITIALIZED_AUTOS = YES_AGGRESSIVE;
				GCC_WARN_UNUSED_FUNCTION = YES;
				GCC_WARN_UNUSED_VARIABLE = YES;
				IPHONEOS_DEPLOYMENT_TARGET = 9.0;
				MTL_ENABLE_DEBUG_INFO = NO;
				SDKROOT = iphoneos;
				TARGETED_DEVICE_FAMILY = "1,2";
				VALIDATE_PRODUCT = YES;
			};
			name = Release;
		};
		82B9E1491D86CE4000A1CA30 /* Debug */ = {
			isa = XCBuildConfiguration;
			baseConfigurationReference = 5FD10F49BA2EF5B0B84AD9D3 /* Pods-CuckooChicken.debug.xcconfig */;
			buildSettings = {
				ASSETCATALOG_COMPILER_APPICON_NAME = AppIcon;
				CLANG_ENABLE_MODULES = YES;
				CODE_SIGN_ENTITLEMENTS = CuckooChicken/CuckooChicken.entitlements;
				"CODE_SIGN_IDENTITY[sdk=iphoneos*]" = "iPhone Developer";
				DEVELOPMENT_TEAM = L69ZDBX9QZ;
				FRAMEWORK_SEARCH_PATHS = (
					"$(inherited)",
					"\"${PODS_ROOT}/FirebaseAnalytics/Frameworks/frameworks\"",
					"\"${PODS_ROOT}/FirebaseAuth/Frameworks/frameworks\"",
					"\"${PODS_ROOT}/FirebaseCrash/Frameworks/frameworks\"",
					"\"${PODS_ROOT}/FirebaseDatabase/Frameworks\"",
					"\"${PODS_ROOT}/FirebaseInstanceID/Frameworks/frameworks\"",
					"\"${PODS_ROOT}/FirebaseRemoteConfig/Frameworks/frameworks\"",
					"\"${PODS_ROOT}/FirebaseStorage/Frameworks\"",
					"\"${PODS_ROOT}/Google-Mobile-Ads-SDK/Frameworks\"",
					"\"${PODS_ROOT}/GoogleIPhoneUtilities/Frameworks\"",
					"\"${PODS_ROOT}/GoogleInterchangeUtilities/Frameworks\"",
					"\"${PODS_ROOT}/GoogleNetworkingUtilities/Frameworks\"",
					"\"${PODS_ROOT}/GoogleParsingUtilities/Frameworks\"",
					"\"${PODS_ROOT}/GoogleSymbolUtilities/Frameworks\"",
					"\"${PODS_ROOT}/GoogleUtilities/Frameworks\"",
					"~/Documents/FacebookSDK",
					"$(PROJECT_DIR)/FacebookSDK",
				);
				INFOPLIST_FILE = CuckooChicken/Info.plist;
				IPHONEOS_DEPLOYMENT_TARGET = 9.0;
				LD_RUNPATH_SEARCH_PATHS = "$(inherited) @executable_path/Frameworks";
				PRODUCT_BUNDLE_IDENTIFIER = com.ap103.CuckooChicken.FanHao;
				PRODUCT_NAME = "$(TARGET_NAME)";
				PROVISIONING_PROFILE = "";
				PROVISIONING_PROFILE_SPECIFIER = "";
				SWIFT_OBJC_BRIDGING_HEADER = "CuckooChicken-Bridging-Header.h";
				SWIFT_OPTIMIZATION_LEVEL = "-Onone";
				SWIFT_VERSION = 3.0;
				TARGETED_DEVICE_FAMILY = 1;
			};
			name = Debug;
		};
		82B9E14A1D86CE4000A1CA30 /* Release */ = {
			isa = XCBuildConfiguration;
			baseConfigurationReference = E9379C843B6FD66F0E3CC2DA /* Pods-CuckooChicken.release.xcconfig */;
			buildSettings = {
				ASSETCATALOG_COMPILER_APPICON_NAME = AppIcon;
				CLANG_ENABLE_MODULES = YES;
				CODE_SIGN_ENTITLEMENTS = CuckooChicken/CuckooChicken.entitlements;
				"CODE_SIGN_IDENTITY[sdk=iphoneos*]" = "iPhone Developer";
				DEVELOPMENT_TEAM = L69ZDBX9QZ;
				FRAMEWORK_SEARCH_PATHS = (
					"$(inherited)",
					"\"${PODS_ROOT}/FirebaseAnalytics/Frameworks/frameworks\"",
					"\"${PODS_ROOT}/FirebaseAuth/Frameworks/frameworks\"",
					"\"${PODS_ROOT}/FirebaseCrash/Frameworks/frameworks\"",
					"\"${PODS_ROOT}/FirebaseDatabase/Frameworks\"",
					"\"${PODS_ROOT}/FirebaseInstanceID/Frameworks/frameworks\"",
					"\"${PODS_ROOT}/FirebaseRemoteConfig/Frameworks/frameworks\"",
					"\"${PODS_ROOT}/FirebaseStorage/Frameworks\"",
					"\"${PODS_ROOT}/Google-Mobile-Ads-SDK/Frameworks\"",
					"\"${PODS_ROOT}/GoogleIPhoneUtilities/Frameworks\"",
					"\"${PODS_ROOT}/GoogleInterchangeUtilities/Frameworks\"",
					"\"${PODS_ROOT}/GoogleNetworkingUtilities/Frameworks\"",
					"\"${PODS_ROOT}/GoogleParsingUtilities/Frameworks\"",
					"\"${PODS_ROOT}/GoogleSymbolUtilities/Frameworks\"",
					"\"${PODS_ROOT}/GoogleUtilities/Frameworks\"",
					"~/Documents/FacebookSDK",
					"$(PROJECT_DIR)/FacebookSDK",
				);
				INFOPLIST_FILE = CuckooChicken/Info.plist;
				IPHONEOS_DEPLOYMENT_TARGET = 9.0;
				LD_RUNPATH_SEARCH_PATHS = "$(inherited) @executable_path/Frameworks";
				PRODUCT_BUNDLE_IDENTIFIER = com.ap103.CuckooChicken.FanHao;
				PRODUCT_NAME = "$(TARGET_NAME)";
				PROVISIONING_PROFILE = "";
				PROVISIONING_PROFILE_SPECIFIER = "";
				SWIFT_OBJC_BRIDGING_HEADER = "CuckooChicken-Bridging-Header.h";
				SWIFT_VERSION = 3.0;
				TARGETED_DEVICE_FAMILY = 1;
			};
			name = Release;
		};
/* End XCBuildConfiguration section */

/* Begin XCConfigurationList section */
		82B9E1271D86CE4000A1CA30 /* Build configuration list for PBXProject "CuckooChicken" */ = {
			isa = XCConfigurationList;
			buildConfigurations = (
				82B9E1461D86CE4000A1CA30 /* Debug */,
				82B9E1471D86CE4000A1CA30 /* Release */,
			);
			defaultConfigurationIsVisible = 0;
			defaultConfigurationName = Release;
		};
		82B9E1481D86CE4000A1CA30 /* Build configuration list for PBXNativeTarget "CuckooChicken" */ = {
			isa = XCConfigurationList;
			buildConfigurations = (
				82B9E1491D86CE4000A1CA30 /* Debug */,
				82B9E14A1D86CE4000A1CA30 /* Release */,
			);
			defaultConfigurationIsVisible = 0;
			defaultConfigurationName = Release;
		};
/* End XCConfigurationList section */
	};
	rootObject = 82B9E1241D86CE4000A1CA30 /* Project object */;
}
